# This file may be used to create an environment using:
# $ conda create --name <env> --file <this file>
# platform: linux-64
@EXPLICIT
https://conda.anaconda.org/conda-forge/linux-64/_libgcc_mutex-0.1-conda_forge.tar.bz2#d7c89558ba9fa0495403155b64376d81
https://conda.anaconda.org/conda-forge/linux-64/ca-certificates-2022.12.7-ha878542_0.conda#ff9f73d45c4a07d6f424495288a26080
https://conda.anaconda.org/conda-forge/linux-64/ld_impl_linux-64-2.40-h41732ed_0.conda#7aca3059a1729aa76c597603f10b0dd3
https://conda.anaconda.org/conda-forge/linux-64/libgfortran5-12.2.0-h337968e_19.tar.bz2#164b4b1acaedc47ee7e658ae6b308ca3
https://conda.anaconda.org/conda-forge/linux-64/libstdcxx-ng-12.2.0-h46fd767_19.tar.bz2#1030b1f38c129f2634eae026f704fe60
https://conda.anaconda.org/conda-forge/linux-64/mysql-common-8.0.25-ha770c72_0.tar.bz2#3f39fbf9ef8a3e53a86f102d438609ed
https://conda.anaconda.org/conda-forge/noarch/poppler-data-0.4.12-hd8ed1ab_0.conda#d8d7293c5b37f39b2ac32940621c6592
https://conda.anaconda.org/conda-forge/linux-64/python_abi-3.9-3_cp39.conda#0dd193187d54e585cac7eab942a8847e
https://conda.anaconda.org/conda-forge/noarch/tzdata-2022g-h191b570_0.conda#51fc4fcfb19f5d95ffc8c339db5068e8
https://conda.anaconda.org/conda-forge/linux-64/libgomp-12.2.0-h65d4601_19.tar.bz2#cedcee7c064c01c403f962c9e8d3c373
https://conda.anaconda.org/conda-forge/linux-64/libgfortran-ng-12.2.0-h69a702a_19.tar.bz2#cd7a806282c16e1f2d39a7e80d3a3e0d
https://conda.anaconda.org/conda-forge/linux-64/_openmp_mutex-4.5-2_gnu.tar.bz2#73aaf86a425cc6e73fcf236a5a46396d
https://conda.anaconda.org/conda-forge/linux-64/libgcc-ng-12.2.0-h65d4601_19.tar.bz2#e4c94f80aef025c17ab0828cd85ef535
https://conda.anaconda.org/conda-forge/linux-64/yaml-0.2.5-h7f98852_2.tar.bz2#4cb3ad778ec2d5a7acbdf254eb1c42ae
https://conda.anaconda.org/conda-forge/linux-64/xz-5.2.6-h166bdaf_0.tar.bz2#2161070d867d1b1204ea749c8eec4ef0
https://conda.anaconda.org/conda-forge/linux-64/xorg-xproto-7.0.31-h7f98852_1007.tar.bz2#b4a4381d54784606820704f7b5f05a15
https://conda.anaconda.org/conda-forge/linux-64/xorg-xextproto-7.3.0-h0b41bf4_1003.conda#bce9f945da8ad2ae9b1d7165a64d0f87
https://conda.anaconda.org/conda-forge/linux-64/xorg-renderproto-0.11.1-h7f98852_1002.tar.bz2#06feff3d2634e3097ce2fe681474b534
https://conda.anaconda.org/conda-forge/linux-64/xorg-libxdmcp-1.1.3-h7f98852_0.tar.bz2#be93aabceefa2fac576e971aef407908
https://conda.anaconda.org/conda-forge/linux-64/xorg-libxau-1.0.9-h7f98852_0.tar.bz2#bf6f803a544f26ebbdc3bfff272eb179
https://conda.anaconda.org/conda-forge/linux-64/xorg-libice-1.0.10-h7f98852_0.tar.bz2#d6b0b50b49eccfe0be0373be628be0f3
https://conda.anaconda.org/conda-forge/linux-64/xorg-kbproto-1.0.7-h7f98852_1002.tar.bz2#4b230e8381279d76131116660f5a241a
https://conda.anaconda.org/conda-forge/linux-64/tzcode-2022g-h166bdaf_0.conda#229620ecbc0bf2f9f04b888fd3478f79
https://conda.anaconda.org/conda-forge/linux-64/pthread-stubs-0.4-h36c2ea0_1001.tar.bz2#22dad4df6e8630e8dff2428f6f6a7036
https://conda.anaconda.org/conda-forge/linux-64/pixman-0.40.0-h36c2ea0_0.tar.bz2#660e72c82f2e75a6b3fe6a6e75c79f19
https://conda.anaconda.org/conda-forge/linux-64/pcre-8.45-h9c3ff4c_0.tar.bz2#c05d1820a6d34ff07aaaab7a9b7eddaa
https://conda.anaconda.org/conda-forge/linux-64/openssl-1.1.1t-h0b41bf4_0.conda#a35dc66c4cee8c4399507d14cf1501b1
https://conda.anaconda.org/conda-forge/linux-64/nspr-4.35-h27087fc_0.conda#da0ec11a6454ae19bff5b02ed881a2b1
https://conda.anaconda.org/conda-forge/linux-64/ncurses-6.3-h27087fc_1.tar.bz2#4acfc691e64342b9dae57cf2adc63238
https://conda.anaconda.org/conda-forge/linux-64/lz4-c-1.9.3-h9c3ff4c_1.tar.bz2#fbe97e8fa6f275d7c76a09e795adc3e6
https://conda.anaconda.org/conda-forge/linux-64/libzlib-1.2.13-h166bdaf_4.tar.bz2#f3f9de449d32ca9b9c66a22863c96f41
https://conda.anaconda.org/conda-forge/linux-64/libwebp-base-1.3.0-h0b41bf4_0.conda#0d4a7508d8c6c65314f2b9c1f56ad408
https://conda.anaconda.org/conda-forge/linux-64/libuuid-2.32.1-h7f98852_1000.tar.bz2#772d69f030955d9646d3d0eaf21d859d
https://conda.anaconda.org/conda-forge/linux-64/libspatialindex-1.9.3-h9c3ff4c_4.tar.bz2#d87fbe9c0ff589e802ff13872980bfd9
https://conda.anaconda.org/conda-forge/linux-64/libopus-1.3.1-h7f98852_1.tar.bz2#15345e56d527b330e1cacbdf58676e8f
https://conda.anaconda.org/conda-forge/linux-64/libopenblas-0.3.21-pthreads_h78a6416_3.tar.bz2#8c5963a49b6035c40646a763293fbb35
https://conda.anaconda.org/conda-forge/linux-64/libogg-1.3.4-h7f98852_1.tar.bz2#6e8cc2173440d77708196c5b93771680
https://conda.anaconda.org/conda-forge/linux-64/libnsl-2.0.0-h7f98852_0.tar.bz2#39b1328babf85c7c3a61636d9cd50206
https://conda.anaconda.org/conda-forge/linux-64/libiconv-1.17-h166bdaf_0.tar.bz2#b62b52da46c39ee2bc3c162ac7f1804d
https://conda.anaconda.org/conda-forge/linux-64/libffi-3.4.2-h7f98852_5.tar.bz2#d645c6d2ac96843a2bfaccd2d62b3ac3
https://conda.anaconda.org/conda-forge/linux-64/libev-4.33-h516909a_1.tar.bz2#6f8720dff19e17ce5d48cfe7f3d2f0a3
https://conda.anaconda.org/conda-forge/linux-64/libedit-3.1.20191231-he28a2e2_2.tar.bz2#4d331e44109e3f0e19b4cb8f9b82f3e1
https://conda.anaconda.org/conda-forge/linux-64/keyutils-1.6.1-h166bdaf_0.tar.bz2#30186d27e2c9fa62b45fb1476b7200e3
https://conda.anaconda.org/conda-forge/linux-64/json-c-0.15-h98cffda_0.tar.bz2#f32d45a88e7462be446824654dbcf4a4
https://conda.anaconda.org/conda-forge/linux-64/jpeg-9e-h0b41bf4_3.conda#c7a069243e1fbe9a556ed2ec030e6407
https://conda.anaconda.org/conda-forge/linux-64/icu-68.2-h9c3ff4c_0.tar.bz2#6618c9b191638993f2a818c6529e1b49
https://conda.anaconda.org/conda-forge/linux-64/giflib-5.2.1-h0b41bf4_3.conda#96f3b11872ef6fad973eac856cd2624f
https://conda.anaconda.org/conda-forge/linux-64/gettext-0.21.1-h27087fc_0.tar.bz2#14947d8770185e5153fdd04d4673ed37
https://conda.anaconda.org/conda-forge/linux-64/geos-3.9.1-h9c3ff4c_2.tar.bz2#b9a6d9422aed3ad84ec6ccee9bfcaa0f
https://conda.anaconda.org/conda-forge/linux-64/freexl-1.0.6-h166bdaf_1.tar.bz2#897e772a157faf3330d72dd291486f62
https://conda.anaconda.org/conda-forge/linux-64/expat-2.5.0-h27087fc_0.tar.bz2#c4fbad8d4bddeb3c085f18cbf97fbfad
https://conda.anaconda.org/conda-forge/linux-64/c-ares-1.18.1-h7f98852_0.tar.bz2#f26ef8098fab1f719c91eb760d63381a
https://conda.anaconda.org/conda-forge/linux-64/bzip2-1.0.8-h7f98852_4.tar.bz2#a1fd65c7ccbf10880423d82bca54eb54
https://conda.anaconda.org/conda-forge/linux-64/alsa-lib-1.2.3.2-h166bdaf_0.tar.bz2#b7607b7b62dce55c194ad84f99464e5f
https://conda.anaconda.org/conda-forge/linux-64/libxcb-1.13-h7f98852_1004.tar.bz2#b3653fdc58d03face9724f602218a904
https://conda.anaconda.org/conda-forge/linux-64/libevent-2.1.10-h9b69904_4.tar.bz2#390026683aef81db27ff1b8570ca1336
https://conda.anaconda.org/conda-forge/linux-64/readline-8.1.2-h0f457ee_0.tar.bz2#db2ebbe2943aae81ed051a6a9af8e0fa
https://conda.anaconda.org/conda-forge/linux-64/zlib-1.2.13-h166bdaf_4.tar.bz2#4b11e365c0275b808be78b30f904e295
https://conda.anaconda.org/conda-forge/linux-64/tk-8.6.12-h27826a3_0.tar.bz2#5b8c42eb62e9fc961af70bdd6a26e168
https://conda.anaconda.org/conda-forge/linux-64/libssh2-1.10.0-haa6b8db_3.tar.bz2#89acee135f0809a18a1f4537390aa2dd
https://conda.anaconda.org/conda-forge/linux-64/libsqlite-3.40.0-h753d276_0.tar.bz2#2e5f9a37d487e1019fd4d8113adb2f9f
https://conda.anaconda.org/conda-forge/linux-64/libpng-1.6.39-h753d276_0.conda#e1c890aebdebbfbf87e2c917187b4416
https://conda.anaconda.org/conda-forge/linux-64/libllvm11-11.1.0-he0ac6c6_5.tar.bz2#cae79c6fd61cc6823cbebdbb2c16c60e
https://conda.anaconda.org/conda-forge/linux-64/xorg-libsm-1.2.3-hd9c2040_1000.tar.bz2#9e856f78d5c80d5a78f61e72d1d473a3
https://conda.anaconda.org/conda-forge/linux-64/libblas-3.9.0-16_linux64_openblas.tar.bz2#d9b7a8639171f6c6fa0a983edabcfe2b
https://conda.anaconda.org/conda-forge/linux-64/libvorbis-1.3.7-h9c3ff4c_0.tar.bz2#309dec04b70a3cc0f1e84a4013683bc0
https://conda.anaconda.org/conda-forge/linux-64/krb5-1.19.3-h3790be6_0.tar.bz2#7d862b05445123144bec92cb1acc8ef8
https://conda.anaconda.org/conda-forge/linux-64/xerces-c-3.2.3-h9d8b166_3.tar.bz2#933cb0804fca6edcfb64332e93d86a1e
https://conda.anaconda.org/conda-forge/linux-64/librttopo-1.1.0-h1185371_6.tar.bz2#bdaaaa5a3984edea71596fc9cca74463
https://conda.anaconda.org/conda-forge/linux-64/libnghttp2-1.51.0-hdcd2b5c_0.conda#c42b460bae0365fb9777b1ff9d09a554
https://conda.anaconda.org/conda-forge/linux-64/pcre2-10.40-hc3806b6_0.tar.bz2#69e2c796349cd9b273890bee0febfe1b
https://conda.anaconda.org/conda-forge/linux-64/xorg-libx11-1.8.4-h0b41bf4_0.conda#ea8fbfeb976ac49cbeb594e985393514
https://conda.anaconda.org/conda-forge/linux-64/zstd-1.4.9-ha95c52a_0.tar.bz2#b481dc9fda3af2a681d08a4d5cd1ea0b
https://conda.anaconda.org/conda-forge/linux-64/sqlite-3.34.0-h74cdb3f_0.tar.bz2#0a83e21e8c1929cc9a1e21ebb2459fc5
https://conda.anaconda.org/conda-forge/linux-64/libxml2-2.9.12-h72842e0_0.tar.bz2#bd14fdf5b9ee5568056a40a6a2f41866
https://conda.anaconda.org/conda-forge/linux-64/hdf4-4.2.15-h9772cbc_5.tar.bz2#ee08782aff2ff9b3291c967fa6bc7336
https://conda.anaconda.org/conda-forge/linux-64/python-3.9.15-h47a2c10_0_cpython.conda#4c15ad54369ad2fa36a0d56c6675e241
https://conda.anaconda.org/conda-forge/noarch/wheel-0.40.0-pyhd8ed1ab_0.conda#49bb0d9e60ce1db25e151780331bb5f3
https://conda.anaconda.org/conda-forge/linux-64/nss-3.89-he45b914_0.conda#2745719a58eeaab6657256a3f142f099
https://conda.anaconda.org/conda-forge/linux-64/freetype-2.12.1-hca18f0e_1.conda#e1232042de76d24539a436d37597eb06
https://conda.anaconda.org/conda-forge/linux-64/libclang-11.1.0-default_ha53f305_1.tar.bz2#b9b71585ca4fcb5d442c5a9df5dd7e98
https://conda.anaconda.org/conda-forge/linux-64/liblapack-3.9.0-16_linux64_openblas.tar.bz2#955d993f41f9354bf753d29864ea20ad
https://conda.anaconda.org/conda-forge/linux-64/libcblas-3.9.0-16_linux64_openblas.tar.bz2#20bae26d0a1db73f758fc3754cab4719
https://conda.anaconda.org/conda-forge/linux-64/libpq-13.5-hd57d9b9_1.tar.bz2#a0f425d61c7df890d6381ea352c3f1d7
https://conda.anaconda.org/conda-forge/linux-64/libcurl-7.86.0-h7bff187_1.tar.bz2#5e5f33d81f31598d87f9b849f73c30e3
https://conda.anaconda.org/conda-forge/linux-64/libglib-2.74.1-h606061b_1.tar.bz2#ed5349aa96776e00b34eccecf4a948fe
https://conda.anaconda.org/conda-forge/linux-64/xorg-libxrender-0.9.10-h7f98852_1003.tar.bz2#f59c1242cc1dd93e72c2ee2b360979eb
https://conda.anaconda.org/conda-forge/linux-64/xorg-libxext-1.3.4-h0b41bf4_2.conda#82b6df12252e6f32402b96dacc656fec
https://conda.anaconda.org/conda-forge/linux-64/tiledb-2.2.9-h91fcb0e_0.tar.bz2#5a4800d409c4b6828d8ea5a725d269f2
https://conda.anaconda.org/conda-forge/linux-64/mysql-libs-8.0.25-h935591d_0.tar.bz2#90bf9bb288938a314ff6e001277356df
https://conda.anaconda.org/conda-forge/linux-64/libtiff-4.2.0-hbd63e13_2.tar.bz2#e3f034b29a122699b06da40c155f1a70
https://conda.anaconda.org/conda-forge/linux-64/boost-cpp-1.74.0-hc6e9bd1_3.tar.bz2#798d23ad2082a37143a94a9b10cbc381
https://conda.anaconda.org/conda-forge/linux-64/libxkbcommon-1.0.3-he3ba5ed_0.tar.bz2#f9dbabc7e01c459ed7a1d1d64b206e9b
https://conda.anaconda.org/conda-forge/noarch/certifi-2022.12.7-pyhd8ed1ab_0.conda#fb9addc3db06e56abe03e0e9f21a63e6
https://conda.anaconda.org/conda-forge/linux-64/fontconfig-2.14.2-h14ed4e7_0.conda#0f69b688f52ff6da70bccb7ff7001d1d
https://conda.anaconda.org/conda-forge/linux-64/postgresql-13.5-h2510834_1.tar.bz2#6ce6ce655fcc1c79462901d4fcaac518
https://conda.anaconda.org/conda-forge/linux-64/hdf5-1.10.6-nompi_h6a2412b_1114.tar.bz2#0a2984b78f51148d7ff6219abe73509e
https://conda.anaconda.org/conda-forge/linux-64/curl-7.86.0-h7bff187_1.tar.bz2#bc9567c50833f4b0d36b25caca7b34f8
https://conda.anaconda.org/conda-forge/linux-64/cfitsio-3.470-hb418390_7.tar.bz2#5bda2e5ca5edb0c207c3ec76f57f8ecc
https://conda.anaconda.org/conda-forge/linux-64/gstreamer-1.18.5-h9f60fe5_3.tar.bz2#511aa83cdfcc0132380db5daf2f15f27
https://conda.anaconda.org/conda-forge/linux-64/dbus-1.13.6-h5008d03_3.tar.bz2#ecfff944ba3960ecb334b9a2663d708d
https://conda.anaconda.org/conda-forge/linux-64/proj-8.0.0-h277dcde_0.tar.bz2#bcbbfbd43a58c479b7348a82ca036c7d
https://conda.anaconda.org/conda-forge/linux-64/openjpeg-2.4.0-hb52868f_1.tar.bz2#b7ad78ad2e9ee155f59e6428406ee824
https://conda.anaconda.org/conda-forge/linux-64/lcms2-2.12-hddcbb42_0.tar.bz2#797117394a4aa588de6d741b06fad80f
https://conda.anaconda.org/conda-forge/linux-64/libkml-1.3.0-h238a007_1014.tar.bz2#abd8e196ad04781818acef26cc451d66
https://conda.anaconda.org/anaconda/linux-64/setuptools-52.0.0-py39h06a4308_1.tar.bz2#aba3021f3c9ee97a37f45a8b57be57ee
https://conda.anaconda.org/conda-forge/linux-64/cairo-1.16.0-h6cf1ce9_1008.tar.bz2#a43fb47d15e116f8be4be7e6b17ab59f
https://conda.anaconda.org/conda-forge/linux-64/kealib-1.4.14-hcc255d8_2.tar.bz2#ae7e21f861c37500627f7122df804c26
https://conda.anaconda.org/conda-forge/linux-64/libnetcdf-4.7.4-nompi_h56d31a8_107.tar.bz2#ef3d349e818876a175de7d87bd6451df
https://conda.anaconda.org/conda-forge/linux-64/libdap4-3.20.6-hd7c4107_2.tar.bz2#c265ae57e3acdc891f3e2b93cf6784f5
https://conda.anaconda.org/conda-forge/linux-64/gst-plugins-base-1.18.5-hf529b03_3.tar.bz2#524a9f1718bac53a6cf4906bcc51d044
https://conda.anaconda.org/conda-forge/linux-64/libspatialite-5.0.1-h20cb978_4.tar.bz2#e405e042151d20179e96c6e658789ac9
https://conda.anaconda.org/conda-forge/linux-64/geotiff-1.6.0-hcf90da6_5.tar.bz2#ddb75ca9dee489394a0dc8487903382f
https://conda.anaconda.org/conda-forge/noarch/pip-23.0.1-pyhd8ed1ab_0.conda#8025ca83b8ba5430b640b83917c2a6f7
https://conda.anaconda.org/conda-forge/linux-64/poppler-21.03.0-h93df280_0.tar.bz2#8eb9cd14ac2063e614a1ba923496b94d
https://conda.anaconda.org/conda-forge/linux-64/qt-5.12.9-hda022c4_4.tar.bz2#afebab1f5049d66baaaec67d9ce893f0
https://conda.anaconda.org/conda-forge/noarch/xyzservices-2023.2.0-pyhd8ed1ab_0.conda#df61644536ee98e50e1e022489588b32
https://conda.anaconda.org/conda-forge/noarch/typing_extensions-4.5.0-pyha770c72_0.conda#43e7d9e50261fb11deb76e17d8431aac
https://conda.anaconda.org/conda-forge/linux-64/tornado-6.1-py39hb9d737c_3.tar.bz2#5e13a2d214ed4184969df363a1aab420
https://conda.anaconda.org/conda-forge/noarch/toolz-0.12.0-pyhd8ed1ab_0.tar.bz2#92facfec94bc02d6ccf42e7173831a36
https://conda.anaconda.org/conda-forge/noarch/tblib-1.7.0-pyhd8ed1ab_0.tar.bz2#3d4afc31302aa7be471feb6be048ed76
https://conda.anaconda.org/conda-forge/noarch/sortedcontainers-2.4.0-pyhd8ed1ab_0.tar.bz2#6d6552722448103793743dabfbda532d
https://conda.anaconda.org/conda-forge/noarch/six-1.16.0-pyh6c4a22f_0.tar.bz2#e5f25f8dbc060e9a8d912e432202afc2
https://conda.anaconda.org/conda-forge/noarch/simplekml-1.3.5-pyh9f0ad1d_0.tar.bz2#63443e7f66bf4b86c4b2cf7dbd6b0d38
https://conda.anaconda.org/conda-forge/linux-64/rtree-1.0.1-py39hb102c33_1.tar.bz2#b3813b718ca1da036a48e3fe1db3edd8
https://conda.anaconda.org/conda-forge/linux-64/pyyaml-5.4.1-py39hb9d737c_4.tar.bz2#36a51b5f1856dc5a8d781220a4bc54ba
https://conda.anaconda.org/conda-forge/noarch/pytz-2022.7.1-pyhd8ed1ab_0.conda#f59d49a7b464901cf714b9e7984d01a2
https://conda.anaconda.org/conda-forge/noarch/pysocks-1.7.1-pyha2e5f31_6.tar.bz2#2a7de29fb590ca14b5243c4c812c8025
https://conda.anaconda.org/conda-forge/linux-64/pyqt5-sip-4.19.18-py39he80948d_8.tar.bz2#9dbac74c150d2542eca77c02da307168
https://conda.anaconda.org/conda-forge/linux-64/pyproj-3.1.0-py39h0776cc1_0.tar.bz2#3a50a466dc73eafdec62a5d5f8576b6f
https://conda.anaconda.org/conda-forge/noarch/pyparsing-3.0.9-pyhd8ed1ab_0.tar.bz2#e8fbc1b54b25f4b08281467bc13b70cc
https://conda.anaconda.org/conda-forge/noarch/pycparser-2.21-pyhd8ed1ab_0.tar.bz2#076becd9e05608f8dc72757d5f3a91ff
https://conda.anaconda.org/conda-forge/linux-64/psutil-5.9.4-py39hb9d737c_0.tar.bz2#12184951da572828fb986b06ffb63eed
https://conda.anaconda.org/conda-forge/noarch/packaging-23.0-pyhd8ed1ab_0.conda#1ff2e3ca41f0ce16afec7190db28288b
https://conda.anaconda.org/conda-forge/noarch/olefile-0.46-pyh9f0ad1d_1.tar.bz2#0b2e68acc8c78c8cc392b90983481f58
https://conda.anaconda.org/conda-forge/linux-64/numpy-1.24.2-py39h7360e5f_0.conda#757070dc7cc33003254888808cd34f1e
https://conda.anaconda.org/conda-forge/linux-64/msgpack-python-1.0.5-py39h4b4f3f3_0.conda#413374bab5022a5199c5dd89aef75df5
https://conda.anaconda.org/conda-forge/linux-64/markupsafe-2.1.2-py39h72bdee0_0.conda#35514f5320206df9f4661c138c02e1c1
https://conda.anaconda.org/conda-forge/noarch/locket-1.0.0-pyhd8ed1ab_0.tar.bz2#91e27ef3d05cc772ce627e51cff111c4
https://conda.anaconda.org/conda-forge/linux-64/kiwisolver-1.4.4-py39hf939315_1.tar.bz2#41679a052a8ce841c74df1ebc802e411
https://conda.anaconda.org/conda-forge/noarch/idna-2.10-pyh9f0ad1d_0.tar.bz2#f95a12b4f435aae6680fe55ae2eb1b06
https://conda.anaconda.org/conda-forge/noarch/html2text-2020.1.16-py_0.tar.bz2#860a1c6e60ac5a1c2bcd7a9b3442a221
https://conda.anaconda.org/conda-forge/noarch/heapdict-1.0.1-py_0.tar.bz2#77242bfb1e74a627fb06319b5a2d3b95
https://conda.anaconda.org/conda-forge/noarch/glob2-0.7-py_0.tar.bz2#1f3a88e65e61216e1d475135922dbf6a
https://conda.anaconda.org/conda-forge/noarch/geojson-3.0.1-pyhd8ed1ab_0.conda#8eb984c44a52c3a211a013ac32bbd38c
https://conda.anaconda.org/conda-forge/noarch/future-0.18.2-pyhd8ed1ab_6.tar.bz2#a6966947ba28bbe60f9904653da7fed5
https://conda.anaconda.org/conda-forge/noarch/fsspec-2023.3.0-pyhd8ed1ab_1.conda#0db48a2f5a68e28e5af8d3df276f2255
https://conda.anaconda.org/conda-forge/noarch/cycler-0.11.0-pyhd8ed1ab_0.tar.bz2#a50559fad0affdbb33729a68669ca1cb
https://conda.anaconda.org/conda-forge/noarch/configparser-5.3.0-pyhd8ed1ab_0.tar.bz2#c99fd5916160900dc5ff64204da99c4d
https://conda.anaconda.org/conda-forge/noarch/colorama-0.4.6-pyhd8ed1ab_0.tar.bz2#3faab06a954c2a04039983f2c4a50d99
https://conda.anaconda.org/conda-forge/noarch/cloudpickle-2.2.1-pyhd8ed1ab_0.conda#b325bfc4cff7d7f8a868f1f7ecc4ed16
https://conda.anaconda.org/conda-forge/noarch/click-7.1.2-pyh9f0ad1d_0.tar.bz2#bd50a970ce07e660c319fdc4d730d3f1
https://conda.anaconda.org/conda-forge/linux-64/chardet-4.0.0-py39hf3d152e_3.tar.bz2#75e54b1534b18a8f351e8c67b5565663
https://conda.anaconda.org/conda-forge/noarch/cached_property-1.5.2-pyha770c72_1.tar.bz2#576d629e47797577ab0f1b351297ef4a
https://conda.anaconda.org/conda-forge/noarch/attrs-22.2.0-pyh71513ae_0.conda#8b76db7818a4e401ed4486c4c1635cd9
https://conda.anaconda.org/conda-forge/noarch/appdirs-1.4.4-pyh9f0ad1d_0.tar.bz2#5f095bc6454094e96f146491fd03633b
https://conda.anaconda.org/conda-forge/noarch/affine-2.4.0-pyhd8ed1ab_0.conda#ae5f4ad87126c55ba3f690ef07f81d64
https://conda.anaconda.org/conda-forge/linux-64/libgdal-3.1.4-h804b7da_10.tar.bz2#2225944f556999c53b1d7cd0aaa6fab6
https://conda.anaconda.org/conda-forge/noarch/typing-extensions-4.5.0-hd8ed1ab_0.conda#b3c594fde1a80a1fc3eb9cc4a5dfe392
https://conda.anaconda.org/conda-forge/linux-64/cytoolz-0.12.0-py39hb9d737c_1.tar.bz2#eb31327ace8dac15c2df243d9505a132
https://conda.anaconda.org/conda-forge/noarch/python-dateutil-2.8.2-pyhd8ed1ab_0.tar.bz2#dd999d1cc9f79e67dbb855c8924c7984
https://conda.anaconda.org/conda-forge/noarch/munch-2.5.0-py_0.tar.bz2#31d9e9be500e25ff0050bc9f57a6bcd7
https://conda.anaconda.org/conda-forge/noarch/dask-core-2021.2.0-pyhd8ed1ab_0.tar.bz2#55e9ec3fa2b40d163f062977c7fee870
https://conda.anaconda.org/conda-forge/linux-64/pyqt-impl-5.12.3-py39hde8b62d_8.tar.bz2#4863d6734a1bd7a86ac5ede53bf9b3c7
https://conda.anaconda.org/conda-forge/linux-64/cffi-1.15.1-py39he91dace_3.conda#20080319ef73fbad74dcd6d62f2a3ffe
https://conda.anaconda.org/conda-forge/linux-64/pillow-8.2.0-py39hf95b381_1.tar.bz2#85d36b82d030cf244358187a11a52e99
https://conda.anaconda.org/conda-forge/noarch/snuggs-1.4.7-py_0.tar.bz2#cb83a3d6ecf73f50117635192414426a
https://conda.anaconda.org/conda-forge/linux-64/shapely-1.8.0-py39ha61afbd_0.tar.bz2#a257a73ec2baae3021389750cf4e010e
https://conda.anaconda.org/conda-forge/linux-64/contourpy-1.0.7-py39h4b4f3f3_0.conda#c5387f3fb1f5b8b71e1c865fc55f4951
https://conda.anaconda.org/conda-forge/noarch/jinja2-3.1.2-pyhd8ed1ab_1.tar.bz2#c8490ed5c70966d232fdd389d0dbed37
https://conda.anaconda.org/conda-forge/noarch/partd-1.3.0-pyhd8ed1ab_0.tar.bz2#af8c82d121e63082926062d61d9abb54
https://conda.anaconda.org/conda-forge/noarch/zict-2.2.0-pyhd8ed1ab_0.tar.bz2#cd563d01df94e51f968645dbf3b310b0
https://conda.anaconda.org/conda-forge/noarch/tqdm-4.65.0-pyhd8ed1ab_1.conda#ed792aff3acb977d09c7013358097f83
https://conda.anaconda.org/conda-forge/noarch/python-dotenv-1.0.0-pyhd8ed1ab_0.conda#a94065a7cbac6b5630fb7e4801366b40
https://conda.anaconda.org/conda-forge/noarch/geomet-1.0.0-pyhd8ed1ab_0.tar.bz2#c5d78ad9b80fb4e03be224a9d8c366e2
https://conda.anaconda.org/conda-forge/noarch/cligj-0.7.2-pyhd8ed1ab_1.tar.bz2#a29b7c141d6b2de4bb67788a5f107734
https://conda.anaconda.org/conda-forge/noarch/click-plugins-1.1.1-py_0.tar.bz2#4fd2c6b53934bd7d96d1f3fdaf99b79f
https://conda.anaconda.org/conda-forge/noarch/cached-property-1.5.2-hd8ed1ab_1.tar.bz2#9b347a7ec10940d3f7941ff6c460b551
https://conda.anaconda.org/conda-forge/linux-64/gdal-3.1.4-py39h3f36f43_10.tar.bz2#4ccc05c37bb3d40cae2910ff1adb813d
https://conda.anaconda.org/conda-forge/noarch/platformdirs-3.1.1-pyhd8ed1ab_0.conda#1d1a27f637808c76dd83e3f469aa6f7e
https://conda.anaconda.org/conda-forge/noarch/pystac-0.5.4-pyh44b312d_0.tar.bz2#cc6762ddfdd9a147e411f895fbc792de
https://conda.anaconda.org/conda-forge/linux-64/pandas-1.5.3-py39h2ad29b5_0.conda#3ea96adbbc2a66fa45178102a9cfbecc
https://conda.anaconda.org/conda-forge/linux-64/pyqtwebengine-5.12.1-py39h0fcd23e_8.tar.bz2#2098c2b2c9a38b43678a27819ff9433f
https://conda.anaconda.org/conda-forge/linux-64/pyqtchart-5.12-py39h0fcd23e_8.tar.bz2#d7d18728be87fdc0ddda3e65d41caa53
https://conda.anaconda.org/conda-forge/linux-64/cryptography-39.0.0-py39hd598818_0.conda#8b8923de82864744f8150b6307f4039a
https://conda.anaconda.org/conda-forge/linux-64/brotlipy-0.7.0-py39hb9d737c_1005.tar.bz2#a639fdd9428d8b25f8326a3838d54045
https://conda.anaconda.org/conda-forge/linux-64/matplotlib-base-3.3.4-py39h2fa2bec_0.tar.bz2#9ec0b2186fab9121c54f4844f93ee5b7
https://conda.anaconda.org/conda-forge/linux-64/distributed-2021.2.0-py39hf3d152e_0.tar.bz2#453cdf9d11af75f181518af5930384ed
https://conda.anaconda.org/conda-forge/linux-64/rasterio-1.2.0-py39hb73aa6c_0.tar.bz2#606578c69f7d406d4cc06ec356e4f1fe
https://conda.anaconda.org/conda-forge/linux-64/h5py-3.1.0-nompi_py39h25020de_100.tar.bz2#0b7140c4a9abb0a7d85dd52fc5822b06
https://conda.anaconda.org/conda-forge/linux-64/fiona-1.8.18-py39h3573629_0.tar.bz2#a67bfbc2f9eaa43adec1bd0926332f9a
https://conda.anaconda.org/conda-forge/noarch/xarray-2023.2.0-pyhd8ed1ab_0.conda#fb463f99beba9fa120f23f95f9dd5467
https://conda.anaconda.org/conda-forge/noarch/bokeh-3.1.0-pyhd8ed1ab_0.conda#868b97639bbde7d17c420b75b781989d
https://conda.anaconda.org/conda-forge/linux-64/pyqt-5.12.3-py39hf3d152e_8.tar.bz2#466425e3ee3b190e06b8a5a7098421aa
https://conda.anaconda.org/conda-forge/noarch/pyopenssl-23.0.0-pyhd8ed1ab_0.conda#d41957700e83bbb925928764cb7f8878
https://conda.anaconda.org/conda-forge/noarch/descartes-1.1.0-py_4.tar.bz2#32fa3526c15250ccf353f1ce905f50b3
https://conda.anaconda.org/conda-forge/noarch/geopandas-0.8.2-pyhd8ed1ab_0.tar.bz2#03056ad0ad3facc5a5ef1c85a4d94b6b
https://conda.anaconda.org/conda-forge/noarch/dask-2021.2.0-pyhd8ed1ab_0.tar.bz2#a364d5fd4dc772b336354d78c0de9b20
https://conda.anaconda.org/conda-forge/linux-64/matplotlib-3.3.4-py39hf3d152e_0.tar.bz2#cbaec993375a908bbe506dc7328d747c
https://conda.anaconda.org/conda-forge/noarch/urllib3-1.26.3-pyhd8ed1ab_0.tar.bz2#25573e57774dd54cfa848e5dd44503ed
https://conda.anaconda.org/conda-forge/noarch/requests-2.25.1-pyhd3deb0d_0.tar.bz2#ae687aba31a1c400192a86a2e993ffdc
https://conda.anaconda.org/conda-forge/noarch/minio-7.1.0-pyhd8ed1ab_0.tar.bz2#7a67106c4a5cd07bcc9c61323e218101
https://conda.anaconda.org/conda-forge/noarch/sentinelsat-0.14-pyh9f0ad1d_0.tar.bz2#d7ff4baa275ae1d767b5652c823cc275
https://conda.anaconda.org/conda-forge/noarch/pooch-1.7.0-pyhd8ed1ab_0.conda#eb2e0fc33ad0d04b51f9280360c13c1e
https://conda.anaconda.org/conda-forge/linux-64/scipy-1.10.1-py39h7360e5f_0.conda#7584d1bc5499d25eccfd24a7f656e3ee
https://conda.anaconda.org/conda-forge/noarch/rioxarray-0.3.1-pyhd8ed1ab_0.tar.bz2#fb30cecb4a1b0972e993ae9c2486c9f0
