# This file may be used to create an environment using:
# $ conda create --name <env> --file <this file>
# platform: linux-64
@EXPLICIT
https://conda.anaconda.org/conda-forge/linux-64/_libgcc_mutex-0.1-conda_forge.tar.bz2#d7c89558ba9fa0495403155b64376d81
https://conda.anaconda.org/conda-forge/linux-64/ca-certificates-2023.5.7-hbcca054_0.conda#f5c65075fc34438d5b456c7f3f5ab695
https://conda.anaconda.org/conda-forge/noarch/font-ttf-dejavu-sans-mono-2.37-hab24e00_0.tar.bz2#0c96522c6bdaed4b1566d11387caaf45
https://conda.anaconda.org/conda-forge/noarch/font-ttf-inconsolata-3.000-h77eed37_0.tar.bz2#34893075a5c9e55cdafac56607368fc6
https://conda.anaconda.org/conda-forge/noarch/font-ttf-source-code-pro-2.038-h77eed37_0.tar.bz2#4d59c254e01d9cde7957100457e2d5fb
https://conda.anaconda.org/conda-forge/noarch/font-ttf-ubuntu-0.83-hab24e00_0.tar.bz2#19410c3df09dfb12d1206132a1d357c5
https://conda.anaconda.org/conda-forge/linux-64/ld_impl_linux-64-2.40-h41732ed_0.conda#7aca3059a1729aa76c597603f10b0dd3
https://conda.anaconda.org/conda-forge/linux-64/libgfortran5-12.2.0-h337968e_19.tar.bz2#164b4b1acaedc47ee7e658ae6b308ca3
https://conda.anaconda.org/conda-forge/linux-64/libstdcxx-ng-12.2.0-h46fd767_19.tar.bz2#1030b1f38c129f2634eae026f704fe60
https://conda.anaconda.org/conda-forge/linux-64/mpi-1.0-mpich.tar.bz2#c1fcff3417b5a22bbc4cf6e8c23648cf
https://conda.anaconda.org/conda-forge/noarch/poppler-data-0.4.12-hd8ed1ab_0.conda#d8d7293c5b37f39b2ac32940621c6592
https://conda.anaconda.org/conda-forge/linux-64/python_abi-3.9-3_cp39.conda#0dd193187d54e585cac7eab942a8847e
https://conda.anaconda.org/conda-forge/noarch/tzdata-2023c-h71feb2d_0.conda#939e3e74d8be4dac89ce83b20de2492a
https://conda.anaconda.org/conda-forge/linux-64/libgomp-12.2.0-h65d4601_19.tar.bz2#cedcee7c064c01c403f962c9e8d3c373
https://conda.anaconda.org/conda-forge/noarch/fonts-conda-forge-1-0.tar.bz2#f766549260d6815b0c52253f1fb1bb29
https://conda.anaconda.org/conda-forge/linux-64/libgfortran-ng-12.2.0-h69a702a_19.tar.bz2#cd7a806282c16e1f2d39a7e80d3a3e0d
https://conda.anaconda.org/conda-forge/linux-64/_openmp_mutex-4.5-2_gnu.tar.bz2#73aaf86a425cc6e73fcf236a5a46396d
https://conda.anaconda.org/conda-forge/noarch/fonts-conda-ecosystem-1-0.tar.bz2#fee5683a3f04bd15cbd8318b096a27ab
https://conda.anaconda.org/conda-forge/linux-64/libgcc-ng-12.2.0-h65d4601_19.tar.bz2#e4c94f80aef025c17ab0828cd85ef535
https://conda.anaconda.org/conda-forge/linux-64/yaml-0.2.5-h7f98852_2.tar.bz2#4cb3ad778ec2d5a7acbdf254eb1c42ae
https://conda.anaconda.org/conda-forge/linux-64/xz-5.2.6-h166bdaf_0.tar.bz2#2161070d867d1b1204ea749c8eec4ef0
https://conda.anaconda.org/conda-forge/linux-64/xorg-xproto-7.0.31-h7f98852_1007.tar.bz2#b4a4381d54784606820704f7b5f05a15
https://conda.anaconda.org/conda-forge/linux-64/xorg-xf86vidmodeproto-2.3.1-h7f98852_1002.tar.bz2#3ceea9668625c18f19530de98b15d5b0
https://conda.anaconda.org/conda-forge/linux-64/xorg-xextproto-7.3.0-h0b41bf4_1003.conda#bce9f945da8ad2ae9b1d7165a64d0f87
https://conda.anaconda.org/conda-forge/linux-64/xorg-renderproto-0.11.1-h7f98852_1002.tar.bz2#06feff3d2634e3097ce2fe681474b534
https://conda.anaconda.org/conda-forge/linux-64/xorg-libxdmcp-1.1.3-h7f98852_0.tar.bz2#be93aabceefa2fac576e971aef407908
https://conda.anaconda.org/conda-forge/linux-64/xorg-libxau-1.0.9-h7f98852_0.tar.bz2#bf6f803a544f26ebbdc3bfff272eb179
https://conda.anaconda.org/conda-forge/linux-64/xorg-libice-1.0.10-h7f98852_0.tar.bz2#d6b0b50b49eccfe0be0373be628be0f3
https://conda.anaconda.org/conda-forge/linux-64/xorg-kbproto-1.0.7-h7f98852_1002.tar.bz2#4b230e8381279d76131116660f5a241a
https://conda.anaconda.org/conda-forge/linux-64/xkeyboard-config-2.38-h0b41bf4_0.conda#9ac34337e5101a87e5d91da05d84aa48
https://conda.anaconda.org/conda-forge/linux-64/tzcode-2023c-h0b41bf4_0.conda#0c0533894f21c3d35697cb8378d390e2
https://conda.anaconda.org/conda-forge/linux-64/snappy-1.1.10-h9fff704_0.conda#e6d228cd0bb74a51dd18f5bfce0b4115
https://conda.anaconda.org/conda-forge/linux-64/re2-2023.02.02-hcb278e6_0.conda#ecfc7890f1bd597ba55fbda1396f46fe
https://conda.anaconda.org/conda-forge/linux-64/pthread-stubs-0.4-h36c2ea0_1001.tar.bz2#22dad4df6e8630e8dff2428f6f6a7036
https://conda.anaconda.org/conda-forge/linux-64/pixman-0.40.0-h36c2ea0_0.tar.bz2#660e72c82f2e75a6b3fe6a6e75c79f19
https://conda.anaconda.org/conda-forge/linux-64/openssl-3.1.0-hd590300_3.conda#8f24d371ed9efb3f0b0de383fb81d51c
https://conda.anaconda.org/conda-forge/linux-64/nspr-4.35-h27087fc_0.conda#da0ec11a6454ae19bff5b02ed881a2b1
https://conda.anaconda.org/conda-forge/linux-64/ncurses-6.3-h27087fc_1.tar.bz2#4acfc691e64342b9dae57cf2adc63238
https://conda.anaconda.org/conda-forge/linux-64/mpich-4.0.3-h846660c_100.tar.bz2#50d66bb751cfa71ee2a48b2d3eb90ac1
https://conda.anaconda.org/conda-forge/linux-64/mpg123-1.31.3-hcb278e6_0.conda#141a126675b6d1a4eabb111a4a353898
https://conda.anaconda.org/conda-forge/linux-64/lz4-c-1.9.4-hcb278e6_0.conda#318b08df404f9c9be5712aaa5a6f0bb0
https://conda.anaconda.org/conda-forge/linux-64/libzlib-1.2.13-h166bdaf_4.tar.bz2#f3f9de449d32ca9b9c66a22863c96f41
https://conda.anaconda.org/conda-forge/linux-64/libwebp-base-1.3.0-h0b41bf4_0.conda#0d4a7508d8c6c65314f2b9c1f56ad408
https://conda.anaconda.org/conda-forge/linux-64/libuuid-2.38.1-h0b41bf4_0.conda#40b61aab5c7ba9ff276c41cfffe6b80b
https://conda.anaconda.org/conda-forge/linux-64/libutf8proc-2.8.0-h166bdaf_0.tar.bz2#ede4266dc02e875fe1ea77b25dd43747
https://conda.anaconda.org/conda-forge/linux-64/libtool-2.4.7-h27087fc_0.conda#f204c8ba400ec475452737094fb81d52
https://conda.anaconda.org/conda-forge/linux-64/libspatialindex-1.9.3-h9c3ff4c_4.tar.bz2#d87fbe9c0ff589e802ff13872980bfd9
https://conda.anaconda.org/conda-forge/linux-64/libopus-1.3.1-h7f98852_1.tar.bz2#15345e56d527b330e1cacbdf58676e8f
https://conda.anaconda.org/conda-forge/linux-64/libopenblas-0.3.21-pthreads_h78a6416_3.tar.bz2#8c5963a49b6035c40646a763293fbb35
https://conda.anaconda.org/conda-forge/linux-64/libogg-1.3.4-h7f98852_1.tar.bz2#6e8cc2173440d77708196c5b93771680
https://conda.anaconda.org/conda-forge/linux-64/libnuma-2.0.16-h0b41bf4_1.conda#28bfe2cb11357ccc5be21101a6b7ce86
https://conda.anaconda.org/conda-forge/linux-64/libnsl-2.0.0-h7f98852_0.tar.bz2#39b1328babf85c7c3a61636d9cd50206
https://conda.anaconda.org/conda-forge/linux-64/libjpeg-turbo-2.1.5.1-h0b41bf4_0.conda#1edd9e67bdb90d78cea97733ff6b54e6
https://conda.anaconda.org/conda-forge/linux-64/libiconv-1.17-h166bdaf_0.tar.bz2#b62b52da46c39ee2bc3c162ac7f1804d
https://conda.anaconda.org/conda-forge/linux-64/libffi-3.4.2-h7f98852_5.tar.bz2#d645c6d2ac96843a2bfaccd2d62b3ac3
https://conda.anaconda.org/conda-forge/linux-64/libexpat-2.5.0-hcb278e6_1.conda#6305a3dd2752c76335295da4e581f2fd
https://conda.anaconda.org/conda-forge/linux-64/libev-4.33-h516909a_1.tar.bz2#6f8720dff19e17ce5d48cfe7f3d2f0a3
https://conda.anaconda.org/conda-forge/linux-64/libedit-3.1.20191231-he28a2e2_2.tar.bz2#4d331e44109e3f0e19b4cb8f9b82f3e1
https://conda.anaconda.org/conda-forge/linux-64/libdeflate-1.17-h0b41bf4_0.conda#5cc781fd91968b11a8a7fdbee0982676
https://conda.anaconda.org/conda-forge/linux-64/libdb-6.2.32-h9c3ff4c_0.tar.bz2#3f3258d8f841fbac63b36b75bdac1afd
https://conda.anaconda.org/conda-forge/linux-64/libcrc32c-1.1.2-h9c3ff4c_0.tar.bz2#c965a5aa0d5c1c37ffc62dff36e28400
https://conda.anaconda.org/conda-forge/linux-64/libbrotlicommon-1.0.9-h166bdaf_8.tar.bz2#9194c9bf9428035a05352d031462eae4
https://conda.anaconda.org/conda-forge/linux-64/libaec-1.0.6-hcb278e6_1.conda#0f683578378cddb223e7fd24f785ab2a
https://conda.anaconda.org/conda-forge/linux-64/libabseil-20230125.0-cxx17_hcb278e6_1.conda#a1c65f83198fd8d0328c0a6482c6f31b
https://conda.anaconda.org/conda-forge/linux-64/lerc-4.0.0-h27087fc_0.tar.bz2#76bbff344f0134279f225174e9064c8f
https://conda.anaconda.org/conda-forge/linux-64/lame-3.100-h166bdaf_1003.tar.bz2#a8832b479f93521a9e7b5b743803be51
https://conda.anaconda.org/conda-forge/linux-64/keyutils-1.6.1-h166bdaf_0.tar.bz2#30186d27e2c9fa62b45fb1476b7200e3
https://conda.anaconda.org/conda-forge/linux-64/json-c-0.16-hc379101_0.tar.bz2#0e2bca6857cb73acec30387fef7c3142
https://conda.anaconda.org/conda-forge/linux-64/icu-70.1-h27087fc_0.tar.bz2#87473a15119779e021c314249d4b4aed
https://conda.anaconda.org/conda-forge/linux-64/gstreamer-orc-0.4.33-h166bdaf_0.tar.bz2#879c93426c9d0b84a9de4513fbce5f4f
https://conda.anaconda.org/conda-forge/linux-64/graphite2-1.3.13-h58526e2_1001.tar.bz2#8c54672728e8ec6aa6db90cf2806d220
https://conda.anaconda.org/conda-forge/linux-64/giflib-5.2.1-h0b41bf4_3.conda#96f3b11872ef6fad973eac856cd2624f
https://conda.anaconda.org/conda-forge/linux-64/gflags-2.2.2-he1b5a44_1004.tar.bz2#cddaf2c63ea4a5901cf09524c490ecdc
https://conda.anaconda.org/conda-forge/linux-64/gettext-0.21.1-h27087fc_0.tar.bz2#14947d8770185e5153fdd04d4673ed37
https://conda.anaconda.org/conda-forge/linux-64/geos-3.11.2-hcb278e6_0.conda#3b8e364995e3575e57960d29c1e5ab14
https://conda.anaconda.org/conda-forge/linux-64/freexl-1.0.6-h166bdaf_1.tar.bz2#897e772a157faf3330d72dd291486f62
https://conda.anaconda.org/conda-forge/linux-64/fftw-3.3.10-nompi_hc118613_107.conda#28b2b46b350ddb6a01d061392f75af54
https://conda.anaconda.org/conda-forge/linux-64/c-ares-1.19.0-hd590300_0.conda#a1955e8668061427d9e8fbc1be979f4e
https://conda.anaconda.org/conda-forge/linux-64/bzip2-1.0.8-h7f98852_4.tar.bz2#a1fd65c7ccbf10880423d82bca54eb54
https://conda.anaconda.org/conda-forge/linux-64/aws-c-common-0.8.17-hd590300_0.conda#ce14366bd45135ab26ee66f8f422dbf2
https://conda.anaconda.org/conda-forge/linux-64/attr-2.5.1-h166bdaf_1.tar.bz2#d9c69a24ad678ffce24c6543a0176b00
https://conda.anaconda.org/conda-forge/linux-64/alsa-lib-1.2.8-h166bdaf_0.tar.bz2#be733e69048951df1e4b4b7bb8c7666f
https://conda.anaconda.org/conda-forge/linux-64/libxcb-1.13-h7f98852_1004.tar.bz2#b3653fdc58d03face9724f602218a904
https://conda.anaconda.org/conda-forge/linux-64/s2n-1.3.44-h06160fa_0.conda#968cb0fca1249fe9778876201dd2b828
https://conda.anaconda.org/conda-forge/linux-64/mysql-common-8.0.32-hf1915f5_2.conda#cf4a8f520fdad3a63bb2bce74576cd2d
https://conda.anaconda.org/conda-forge/linux-64/libevent-2.1.10-h28343ad_4.tar.bz2#4a049fc560e00e43151dc51368915fdd
https://conda.anaconda.org/conda-forge/linux-64/readline-8.2-h8228510_1.conda#47d31b792659ce70f470b5c82fdfb7a4
https://conda.anaconda.org/conda-forge/linux-64/zstd-1.5.2-h3eb15da_6.conda#6b63daed8feeca47be78f323e793d555
https://conda.anaconda.org/conda-forge/linux-64/zlib-1.2.13-h166bdaf_4.tar.bz2#4b11e365c0275b808be78b30f904e295
https://conda.anaconda.org/conda-forge/linux-64/tk-8.6.12-h27826a3_0.tar.bz2#5b8c42eb62e9fc961af70bdd6a26e168
https://conda.anaconda.org/conda-forge/linux-64/libssh2-1.10.0-hf14f497_3.tar.bz2#d85acad4b47dff4e3def14a769a97906
https://conda.anaconda.org/conda-forge/linux-64/libsqlite-3.40.0-h753d276_1.conda#32565f92ca100184c67509d1d91c858a
https://conda.anaconda.org/conda-forge/linux-64/libprotobuf-3.21.12-h3eb15da_0.conda#4b36c68184c6c85d88c6e595a32a1ede
https://conda.anaconda.org/conda-forge/linux-64/libpng-1.6.39-h753d276_0.conda#e1c890aebdebbfbf87e2c917187b4416
https://conda.anaconda.org/conda-forge/linux-64/xorg-libsm-1.2.3-hd9c2040_1000.tar.bz2#9e856f78d5c80d5a78f61e72d1d473a3
https://conda.anaconda.org/conda-forge/linux-64/libblas-3.9.0-16_linux64_openblas.tar.bz2#d9b7a8639171f6c6fa0a983edabcfe2b
https://conda.anaconda.org/conda-forge/linux-64/libvorbis-1.3.7-h9c3ff4c_0.tar.bz2#309dec04b70a3cc0f1e84a4013683bc0
https://conda.anaconda.org/conda-forge/linux-64/ucx-1.14.0-h3484d09_2.conda#0e5585e36c9c2698ed0c833852d25bdf
https://conda.anaconda.org/conda-forge/linux-64/hdf4-4.2.15-h501b40f_6.conda#c3e9338e15d90106f467377017352b97
https://conda.anaconda.org/conda-forge/linux-64/expat-2.5.0-hcb278e6_1.conda#8b9b5aca60558d02ddaa09d599e55920
https://conda.anaconda.org/conda-forge/linux-64/libbrotlienc-1.0.9-h166bdaf_8.tar.bz2#04bac51ba35ea023dc48af73c1c88c25
https://conda.anaconda.org/conda-forge/linux-64/libbrotlidec-1.0.9-h166bdaf_8.tar.bz2#4ae4d7795d33e02bd20f6b23d91caf82
https://conda.anaconda.org/conda-forge/linux-64/hdf5-1.12.2-mpi_mpich_h5d83325_1.conda#811c4d55cf17b42336ffa314239717b0
https://conda.anaconda.org/conda-forge/linux-64/krb5-1.20.1-h81ceb04_0.conda#89a41adce7106749573d883b2f657d78
https://conda.anaconda.org/conda-forge/linux-64/xerces-c-3.2.4-h55805fa_1.tar.bz2#d127dc8efe24033b306180939e51e6af
https://conda.anaconda.org/conda-forge/linux-64/libxml2-2.10.3-hca2bb57_4.conda#bb808b654bdc3c783deaf107a2ffb503
https://conda.anaconda.org/conda-forge/linux-64/glog-0.6.0-h6f12383_0.tar.bz2#b31f3565cb84435407594e548a2fb7b2
https://conda.anaconda.org/conda-forge/linux-64/libgpg-error-1.46-h620e276_0.conda#27e745f6f2e4b757e95dd7225fbe6bdb
https://conda.anaconda.org/conda-forge/linux-64/libflac-1.4.2-h27087fc_0.tar.bz2#7daf72d8e2a8e848e11d63ed6d1026e0
https://conda.anaconda.org/conda-forge/linux-64/librttopo-1.1.0-h0d5128d_13.conda#e1d6139ff0500977a760567a4bec1ce9
https://conda.anaconda.org/conda-forge/linux-64/libnghttp2-1.52.0-h61bc06f_0.conda#613955a50485812985c059e7b269f42e
https://conda.anaconda.org/conda-forge/linux-64/pcre2-10.40-hc3806b6_0.tar.bz2#69e2c796349cd9b273890bee0febfe1b
https://conda.anaconda.org/conda-forge/linux-64/libzip-1.9.2-hc929e4a_1.tar.bz2#5b122b50e738c4be5c3f2899f010d7cf
https://conda.anaconda.org/conda-forge/linux-64/cfitsio-4.2.0-hd9d235c_0.conda#8c57a9adbafd87f5eff842abde599cb4
https://conda.anaconda.org/conda-forge/linux-64/aws-checksums-0.1.14-h4f47f36_6.conda#bfe5eb2ea272ee67531af7e99db7aa19
https://conda.anaconda.org/conda-forge/linux-64/aws-c-sdkutils-0.1.9-h4f47f36_1.conda#1441036145a468558c1d8a43549c54ff
https://conda.anaconda.org/conda-forge/linux-64/aws-c-compression-0.2.16-h4f47f36_6.conda#c7ae9d66db65e9b4d2711fcd1d299d2a
https://conda.anaconda.org/conda-forge/linux-64/aws-c-cal-0.5.26-h71eb795_0.conda#70278f50e7ba57780d11c109990ccf43
https://conda.anaconda.org/conda-forge/linux-64/libcap-2.67-he9d0100_0.conda#d05556c80caffff164d17bdea0105a1a
https://conda.anaconda.org/conda-forge/linux-64/jack-1.9.22-h11f4161_0.conda#504fa9e712b99494a9cf4630e3ca7d78
https://conda.anaconda.org/conda-forge/linux-64/xorg-libx11-1.8.4-h0b41bf4_0.conda#ea8fbfeb976ac49cbeb594e985393514
https://conda.anaconda.org/conda-forge/linux-64/xcb-util-wm-0.4.1-h516909a_0.tar.bz2#847df113dba16f0079758cacf9024409
https://conda.anaconda.org/conda-forge/linux-64/xcb-util-renderutil-0.3.9-h166bdaf_0.tar.bz2#732e22f1741bccea861f5668cf7342a7
https://conda.anaconda.org/conda-forge/linux-64/xcb-util-keysyms-0.4.0-h516909a_0.tar.bz2#d04a6285315c4f03ebaf37355be272f9
https://conda.anaconda.org/conda-forge/linux-64/xcb-util-0.4.0-h516909a_0.tar.bz2#a88ab22508ba067b689dc12696157cee
https://conda.anaconda.org/conda-forge/linux-64/libthrift-0.18.1-h5e4af38_0.conda#a2fab690ff5efa0d31cf5e27cd433faa
https://conda.anaconda.org/conda-forge/linux-64/mysql-libs-8.0.32-hca2cd23_2.conda#20b4708cd04bdc8138d03314ddd97885
https://conda.anaconda.org/conda-forge/linux-64/libtiff-4.5.0-hddfeb54_5.conda#d2343e6594c2a4a654a475a6131ef20d
https://conda.anaconda.org/conda-forge/linux-64/boost-cpp-1.78.0-h5adbc97_2.conda#09be6b4c66c7881e2b24214c6f6841c9
https://conda.anaconda.org/conda-forge/linux-64/blosc-1.21.4-h0f2a231_0.conda#876286b5941933a0f558777e57d883cc
https://conda.anaconda.org/conda-forge/linux-64/sqlite-3.40.0-h4ff8645_1.conda#a5cec05bd9e0a5843fa29de9591b93cb
https://conda.anaconda.org/conda-forge/linux-64/python-3.9.15-hba424b6_0_cpython.conda#7b9485fce17fac2dd4aca6117a9936c2
https://conda.anaconda.org/conda-forge/noarch/wheel-0.40.0-pyhd8ed1ab_0.conda#49bb0d9e60ce1db25e151780331bb5f3
https://conda.anaconda.org/conda-forge/linux-64/nss-3.89-he45b914_0.conda#2745719a58eeaab6657256a3f142f099
https://conda.anaconda.org/conda-forge/linux-64/orc-1.8.3-hfdbbad2_0.conda#8aafd0a5ba97bf0cc451550b147a4e0a
https://conda.anaconda.org/conda-forge/linux-64/libgrpc-1.54.2-hcf146ea_0.conda#c28b07a1a15d4d238e7d744877038e39
https://conda.anaconda.org/conda-forge/linux-64/freetype-2.12.1-hca18f0e_1.conda#e1232042de76d24539a436d37597eb06
https://conda.anaconda.org/conda-forge/linux-64/liblapack-3.9.0-16_linux64_openblas.tar.bz2#955d993f41f9354bf753d29864ea20ad
https://conda.anaconda.org/conda-forge/linux-64/libcblas-3.9.0-16_linux64_openblas.tar.bz2#20bae26d0a1db73f758fc3754cab4719
https://conda.anaconda.org/conda-forge/linux-64/brotli-bin-1.0.9-h166bdaf_8.tar.bz2#e5613f2bc717e9945840ff474419b8e4
https://conda.anaconda.org/conda-forge/linux-64/kealib-1.5.0-ha7026e8_0.conda#c948b920f45fd81a2dde8b1ab514cc84
https://conda.anaconda.org/conda-forge/linux-64/libpq-15.2-hb675445_0.conda#4654b17eccaba55b8581d6b9c77f53cc
https://conda.anaconda.org/conda-forge/linux-64/libcups-2.3.3-h36d4200_3.conda#c9f4416a34bc91e0eb029f912c68f81f
https://conda.anaconda.org/conda-forge/linux-64/libxkbcommon-1.5.0-h79f4944_1.conda#04a39cdd663f295653fc143851830563
https://conda.anaconda.org/conda-forge/linux-64/libllvm15-15.0.7-hadd5161_1.conda#17d91085ccf5934ce652cb448d0cb65a
https://conda.anaconda.org/conda-forge/linux-64/libgcrypt-1.10.1-h166bdaf_0.tar.bz2#f967fc95089cd247ceed56eda31de3a9
https://conda.anaconda.org/conda-forge/linux-64/libsndfile-1.2.0-hb75c966_0.conda#c648d19cd9c8625898d5d370414de7c7
https://conda.anaconda.org/conda-forge/linux-64/libcurl-8.1.0-h409715c_0.conda#179baac82cb5f97e036a26e70cc6647e
https://conda.anaconda.org/conda-forge/linux-64/libglib-2.76.2-hebfc3b9_0.conda#db1d4a1dfc04f3eab50d97551850759a
https://conda.anaconda.org/conda-forge/linux-64/aws-c-io-0.13.21-h2c99d58_4.conda#23acfe3a190cb2ae4f450946e42693b7
https://conda.anaconda.org/conda-forge/linux-64/libudev1-253-h0b41bf4_1.conda#bb38b19a41bb94e8a19dbfb062d499c7
https://conda.anaconda.org/conda-forge/linux-64/xorg-libxrender-0.9.10-h7f98852_1003.tar.bz2#f59c1242cc1dd93e72c2ee2b360979eb
https://conda.anaconda.org/conda-forge/linux-64/xorg-libxext-1.3.4-h0b41bf4_2.conda#82b6df12252e6f32402b96dacc656fec
https://conda.anaconda.org/conda-forge/linux-64/xcb-util-image-0.4.0-h166bdaf_0.tar.bz2#c9b568bd804cb2903c6be6f5f68182e4
https://conda.anaconda.org/conda-forge/linux-64/openjpeg-2.5.0-hfec8fc6_2.conda#5ce6a42505c6e9e6151c54c3ec8d68ea
https://conda.anaconda.org/conda-forge/linux-64/lcms2-2.15-haa2dc70_1.conda#980d8aca0bc23ca73fa8caa3e7c84c28
https://conda.anaconda.org/conda-forge/linux-64/libkml-1.3.0-h37653c0_1015.tar.bz2#37d3747dd24d604f63d2610910576e63
https://conda.anaconda.org/conda-forge/linux-64/proj-9.1.1-h8ffa02c_2.conda#c264aea0e16bba26afa0a0940e954492
https://conda.anaconda.org/conda-forge/noarch/certifi-2023.5.7-pyhd8ed1ab_0.conda#5d1b71c942b8421285934dad1d891ebc
https://conda.anaconda.org/conda-forge/linux-64/fontconfig-2.14.2-h14ed4e7_0.conda#0f69b688f52ff6da70bccb7ff7001d1d
https://conda.anaconda.org/conda-forge/linux-64/brotli-1.0.9-h166bdaf_8.tar.bz2#2ff08978892a3e8b954397c461f18418
https://conda.anaconda.org/conda-forge/linux-64/postgresql-15.2-h3248436_0.conda#4dbd6c4bc33369751a4d728b392943ba
https://conda.anaconda.org/conda-forge/linux-64/libclang13-15.0.7-default_h9986a30_2.conda#907344cee64101d44d806bbe0fccb01d
https://conda.anaconda.org/conda-forge/linux-64/libsystemd0-253-h8c4010b_1.conda#9176b1e2cb8beca37a7510b0e801e38f
https://conda.anaconda.org/conda-forge/linux-64/libgoogle-cloud-2.8.0-hac9eb74_2.conda#efc4d277d47837bdb210688f90ecd51a
https://conda.anaconda.org/conda-forge/linux-64/curl-8.1.0-h409715c_0.conda#1b20d441e4ca11629f6409d31a597d2e
https://conda.anaconda.org/conda-forge/linux-64/glib-tools-2.76.2-hfc55251_0.conda#7147b242b00aff73d95259ff318d14a0
https://conda.anaconda.org/conda-forge/linux-64/dbus-1.13.6-h5008d03_3.tar.bz2#ecfff944ba3960ecb334b9a2663d708d
https://conda.anaconda.org/conda-forge/linux-64/aws-c-http-0.7.7-h7b8353a_3.conda#54406a17b5343a228e8ccc8f3ea85e6a
https://conda.anaconda.org/conda-forge/linux-64/aws-c-event-stream-0.2.20-h69ce273_6.conda#3d385ad19987badc21279c2db0be9bc0
https://conda.anaconda.org/conda-forge/linux-64/libspatialite-5.0.1-h2d2bb50_24.conda#156ea88e4bd6341d454d5e126ddba3aa
https://conda.anaconda.org/conda-forge/linux-64/geotiff-1.7.1-hb963b44_7.conda#1a9fe902dfcbdb159dd2ea85cce2f847
https://conda.anaconda.org/anaconda/linux-64/setuptools-52.0.0-py39h06a4308_1.tar.bz2#aba3021f3c9ee97a37f45a8b57be57ee
https://conda.anaconda.org/conda-forge/linux-64/cairo-1.16.0-ha61ee94_1014.tar.bz2#d1a88f3ed5b52e1024b80d4bcd26a7a0
https://conda.anaconda.org/conda-forge/linux-64/libclang-15.0.7-default_h7634d5b_2.conda#1a4fe5162abe4a19b5a9dedf158a0ff9
https://conda.anaconda.org/conda-forge/linux-64/tiledb-2.13.2-hd532e3d_0.conda#6d97164f19dbd27575ef1899b02dc1e0
https://conda.anaconda.org/conda-forge/linux-64/libnetcdf-4.9.1-mpi_mpich_h5eb6f38_2.conda#4c2eb5949ee1f175f62ef6267000182c
https://conda.anaconda.org/conda-forge/linux-64/pulseaudio-client-16.1-h5195f5e_3.conda#caeb3302ef1dc8b342b20c710a86f8a9
https://conda.anaconda.org/conda-forge/linux-64/aws-c-mqtt-0.8.6-h3a1964a_15.conda#68761b2007b4e94cc85be77440becbb8
https://conda.anaconda.org/conda-forge/linux-64/aws-c-auth-0.6.26-h2c7c9e7_6.conda#2b6d931ac31ded1e20e86e7940dd507e
https://conda.anaconda.org/conda-forge/noarch/pip-23.1.2-pyhd8ed1ab_0.conda#7288da0d36821349cf1126e8670292df
https://conda.anaconda.org/conda-forge/linux-64/poppler-23.03.0-hf052cbe_1.conda#b00bc64aabfb7fa00f8a570e1d227d99
https://conda.anaconda.org/conda-forge/linux-64/harfbuzz-6.0.0-h8e241bc_0.conda#448fe40d2fed88ccf4d9ded37cbb2b38
https://conda.anaconda.org/conda-forge/linux-64/pulseaudio-daemon-16.1-ha8d29e2_3.conda#34d9d75ca896f5919c372a34e25f23ea
https://conda.anaconda.org/conda-forge/linux-64/aws-c-s3-0.2.8-h0933b68_4.conda#faaf3ceca7a487d6a3257233cfcf31aa
https://conda.anaconda.org/conda-forge/noarch/zipp-3.15.0-pyhd8ed1ab_0.conda#13018819ca8f5b7cc675a8faf1f5fedf
https://conda.anaconda.org/conda-forge/noarch/zict-3.0.0-pyhd8ed1ab_0.conda#cf30c2c15b82aacb07f9c09e28ff2275
https://conda.anaconda.org/conda-forge/noarch/xyzservices-2023.2.0-pyhd8ed1ab_0.conda#df61644536ee98e50e1e022489588b32
https://conda.anaconda.org/conda-forge/linux-64/unicodedata2-15.0.0-py39hb9d737c_0.tar.bz2#230d65004135bf312504a1bbcb0c7a08
https://conda.anaconda.org/conda-forge/noarch/typing_extensions-4.5.0-pyha770c72_0.conda#43e7d9e50261fb11deb76e17d8431aac
https://conda.anaconda.org/conda-forge/linux-64/tornado-6.3.2-py39hd1e30aa_0.conda#da334eecb1ea2248e28294c49e6f6d89
https://conda.anaconda.org/conda-forge/noarch/toolz-0.12.0-pyhd8ed1ab_0.tar.bz2#92facfec94bc02d6ccf42e7173831a36
https://conda.anaconda.org/conda-forge/noarch/tomli-2.0.1-pyhd8ed1ab_0.tar.bz2#5844808ffab9ebdb694585b50ba02a96
https://conda.anaconda.org/conda-forge/noarch/toml-0.10.2-pyhd8ed1ab_0.tar.bz2#f832c45a477c78bebd107098db465095
https://conda.anaconda.org/conda-forge/noarch/threadpoolctl-3.1.0-pyh8a188c0_0.tar.bz2#a2995ee828f65687ac5b1e71a2ab1e0c
https://conda.anaconda.org/conda-forge/noarch/tblib-1.7.0-pyhd8ed1ab_0.tar.bz2#3d4afc31302aa7be471feb6be048ed76
https://conda.anaconda.org/conda-forge/noarch/sortedcontainers-2.4.0-pyhd8ed1ab_0.tar.bz2#6d6552722448103793743dabfbda532d
https://conda.anaconda.org/conda-forge/noarch/six-1.16.0-pyh6c4a22f_0.tar.bz2#e5f25f8dbc060e9a8d912e432202afc2
https://conda.anaconda.org/conda-forge/noarch/simplekml-1.3.6-pyhd8ed1ab_0.tar.bz2#620457b6e793b01df5866c6b6accfe6b
https://conda.anaconda.org/conda-forge/linux-64/scandir-1.10.0-py39hb9d737c_6.tar.bz2#8320316b49d21539e09587e69a924f72
https://conda.anaconda.org/conda-forge/linux-64/rtree-1.0.1-py39hb102c33_1.tar.bz2#b3813b718ca1da036a48e3fe1db3edd8
https://conda.anaconda.org/conda-forge/linux-64/pyyaml-6.0-py39hb9d737c_5.tar.bz2#ef9db3c38ae7275f6b14491cfe61a248
https://conda.anaconda.org/conda-forge/noarch/pytz-2023.3-pyhd8ed1ab_0.conda#d3076b483092a435832603243567bc31
https://conda.anaconda.org/conda-forge/noarch/python-tzdata-2023.3-pyhd8ed1ab_0.conda#2590495f608a63625e165915fb4e2e34
https://conda.anaconda.org/conda-forge/noarch/pysocks-1.7.1-pyha2e5f31_6.tar.bz2#2a7de29fb590ca14b5243c4c812c8025
https://conda.anaconda.org/conda-forge/linux-64/pyproj-3.5.0-py39hf8a5840_0.conda#e8868de1cee1fcdf16fe3de9883503dd
https://conda.anaconda.org/conda-forge/noarch/pyparsing-3.0.9-pyhd8ed1ab_0.tar.bz2#e8fbc1b54b25f4b08281467bc13b70cc
https://conda.anaconda.org/conda-forge/noarch/pycparser-2.21-pyhd8ed1ab_0.tar.bz2#076becd9e05608f8dc72757d5f3a91ff
https://conda.anaconda.org/conda-forge/linux-64/psutil-5.9.5-py39h72bdee0_0.conda#1d54d3a75c3192ab7655d9c3d16809f1
https://conda.anaconda.org/conda-forge/noarch/ply-3.11-py_1.tar.bz2#7205635cd71531943440fbfe3b6b5727
https://conda.anaconda.org/conda-forge/linux-64/pillow-9.5.0-py39h7207d5c_0.conda#7882f5dfc152b021e5cb98e2d01507f8
https://conda.anaconda.org/conda-forge/noarch/packaging-23.1-pyhd8ed1ab_0.conda#91cda59e66e1e4afe9476f8ef98f5c30
https://conda.anaconda.org/conda-forge/linux-64/numpy-1.24.3-py39h6183b62_0.conda#8626d6d5169950ce4b99b082667773f7
https://conda.anaconda.org/conda-forge/noarch/networkx-3.1-pyhd8ed1ab_0.conda#254f787d5068bc89f578bf63893ce8b4
https://conda.anaconda.org/conda-forge/noarch/munkres-1.1.4-pyh9f0ad1d_0.tar.bz2#2ba8498c1018c1e9c61eb99b973dfe19
https://conda.anaconda.org/conda-forge/linux-64/msgpack-python-1.0.5-py39h4b4f3f3_0.conda#413374bab5022a5199c5dd89aef75df5
https://conda.anaconda.org/conda-forge/linux-64/mpi4py-3.1.4-py39h32b9844_0.tar.bz2#b035b507f55bb6a967d86d4b7e059437
https://conda.anaconda.org/conda-forge/linux-64/markupsafe-2.1.2-py39h72bdee0_0.conda#35514f5320206df9f4661c138c02e1c1
https://conda.anaconda.org/conda-forge/linux-64/lz4-4.3.2-py39h724f13c_0.conda#c2c31bf17fa6b19094709472ed6580fe
https://conda.anaconda.org/conda-forge/noarch/locket-1.0.0-pyhd8ed1ab_0.tar.bz2#91e27ef3d05cc772ce627e51cff111c4
https://conda.anaconda.org/conda-forge/linux-64/kiwisolver-1.4.4-py39hf939315_1.tar.bz2#41679a052a8ce841c74df1ebc802e411
https://conda.anaconda.org/conda-forge/noarch/joblib-1.2.0-pyhd8ed1ab_0.tar.bz2#7583652522d71ad78ba536bba06940eb
https://conda.anaconda.org/conda-forge/noarch/idna-3.4-pyhd8ed1ab_0.tar.bz2#34272b248891bddccc64479f9a7fffed
https://conda.anaconda.org/conda-forge/noarch/html2text-2020.1.16-py_0.tar.bz2#860a1c6e60ac5a1c2bcd7a9b3442a221
https://conda.anaconda.org/conda-forge/noarch/glob2-0.7-py_0.tar.bz2#1f3a88e65e61216e1d475135922dbf6a
https://conda.anaconda.org/conda-forge/linux-64/glib-2.76.2-hfc55251_0.conda#00c19ae01a69fb4e1a3fb3e83094dedf
https://conda.anaconda.org/conda-forge/noarch/geojson-3.0.1-pyhd8ed1ab_0.conda#8eb984c44a52c3a211a013ac32bbd38c
https://conda.anaconda.org/conda-forge/noarch/future-0.18.3-pyhd8ed1ab_0.conda#fec8329fc739090f26a7d7803db254f1
https://conda.anaconda.org/conda-forge/noarch/fsspec-2023.5.0-pyh1a96a4e_0.conda#20edd290b319aa0eff3e9055375756dc
https://conda.anaconda.org/conda-forge/noarch/cycler-0.11.0-pyhd8ed1ab_0.tar.bz2#a50559fad0affdbb33729a68669ca1cb
https://conda.anaconda.org/conda-forge/noarch/configparser-5.3.0-pyhd8ed1ab_0.tar.bz2#c99fd5916160900dc5ff64204da99c4d
https://conda.anaconda.org/conda-forge/noarch/colorama-0.4.6-pyhd8ed1ab_0.tar.bz2#3faab06a954c2a04039983f2c4a50d99
https://conda.anaconda.org/conda-forge/noarch/cloudpickle-2.2.1-pyhd8ed1ab_0.conda#b325bfc4cff7d7f8a868f1f7ecc4ed16
https://conda.anaconda.org/conda-forge/noarch/click-8.1.3-unix_pyhd8ed1ab_2.tar.bz2#20e4087407c7cb04a40817114b333dbf
https://conda.anaconda.org/conda-forge/noarch/charset-normalizer-3.1.0-pyhd8ed1ab_0.conda#7fcff9f6f123696e940bda77bd4d6551
https://conda.anaconda.org/conda-forge/noarch/cached_property-1.5.2-pyha770c72_1.tar.bz2#576d629e47797577ab0f1b351297ef4a
https://conda.anaconda.org/conda-forge/noarch/attrs-23.1.0-pyh71513ae_1.conda#3edfead7cedd1ab4400a6c588f3e75f8
https://conda.anaconda.org/conda-forge/noarch/appdirs-1.4.4-pyh9f0ad1d_0.tar.bz2#5f095bc6454094e96f146491fd03633b
https://conda.anaconda.org/conda-forge/noarch/affine-2.4.0-pyhd8ed1ab_0.conda#ae5f4ad87126c55ba3f690ef07f81d64
https://conda.anaconda.org/conda-forge/linux-64/libgdal-3.6.3-h93ed92d_1.conda#b72e22d9fa52e228a1d6b573c22bf03c
https://conda.anaconda.org/conda-forge/linux-64/pulseaudio-16.1-hcb278e6_3.conda#8b452ab959166d91949af4c2d28f81db
https://conda.anaconda.org/conda-forge/linux-64/aws-crt-cpp-0.19.9-h85076f6_5.conda#ae2291fd00be4e8c6e1f37a53c6c2a63
https://conda.anaconda.org/conda-forge/noarch/importlib_resources-5.12.0-pyhd8ed1ab_0.conda#e5fd2260a231ee63b6969f4801082f2b
https://conda.anaconda.org/conda-forge/noarch/importlib-metadata-6.6.0-pyha770c72_0.conda#f91a5d5175fb7ff2a91952ec7da59cb9
https://conda.anaconda.org/conda-forge/noarch/typing-extensions-4.5.0-hd8ed1ab_0.conda#b3c594fde1a80a1fc3eb9cc4a5dfe392
https://conda.anaconda.org/conda-forge/linux-64/cytoolz-0.12.0-py39hb9d737c_1.tar.bz2#eb31327ace8dac15c2df243d9505a132
https://conda.anaconda.org/conda-forge/noarch/python-dateutil-2.8.2-pyhd8ed1ab_0.tar.bz2#dd999d1cc9f79e67dbb855c8924c7984
https://conda.anaconda.org/conda-forge/noarch/munch-3.0.0-pyhd8ed1ab_0.conda#3d5fa8396d78c916d51fb1c6cda24945
https://conda.anaconda.org/conda-forge/linux-64/cffi-1.15.1-py39he91dace_3.conda#20080319ef73fbad74dcd6d62f2a3ffe
https://conda.anaconda.org/conda-forge/linux-64/sip-6.7.9-py39h3d6467e_0.conda#6d990f672cc70e5c480ddb74b789a17c
https://conda.anaconda.org/conda-forge/noarch/snuggs-1.4.7-py_0.tar.bz2#cb83a3d6ecf73f50117635192414426a
https://conda.anaconda.org/conda-forge/linux-64/shapely-2.0.1-py39hf1c3bca_1.conda#ae6bfe65e81d9b59a71cc01a2858650f
https://conda.anaconda.org/conda-forge/linux-64/contourpy-1.0.7-py39h4b4f3f3_0.conda#c5387f3fb1f5b8b71e1c865fc55f4951
https://conda.anaconda.org/conda-forge/linux-64/fonttools-4.39.4-py39hd1e30aa_0.conda#80605b792f58cf5c78a5b7e20cef1e35
https://conda.anaconda.org/conda-forge/noarch/jinja2-3.1.2-pyhd8ed1ab_1.tar.bz2#c8490ed5c70966d232fdd389d0dbed37
https://conda.anaconda.org/conda-forge/noarch/partd-1.4.0-pyhd8ed1ab_0.conda#721dab5803ea92ce02ddc4ee50aa0c48
https://conda.anaconda.org/conda-forge/linux-64/gstreamer-1.22.0-h25f0c4b_2.conda#461541cb1b387c2a28ab6217f3d38502
https://conda.anaconda.org/conda-forge/noarch/tqdm-4.65.0-pyhd8ed1ab_1.conda#ed792aff3acb977d09c7013358097f83
https://conda.anaconda.org/conda-forge/noarch/python-dotenv-1.0.0-pyhd8ed1ab_0.conda#a94065a7cbac6b5630fb7e4801366b40
https://conda.anaconda.org/conda-forge/noarch/geomet-1.0.0-pyhd8ed1ab_0.tar.bz2#c5d78ad9b80fb4e03be224a9d8c366e2
https://conda.anaconda.org/conda-forge/noarch/cligj-0.7.2-pyhd8ed1ab_1.tar.bz2#a29b7c141d6b2de4bb67788a5f107734
https://conda.anaconda.org/conda-forge/noarch/click-plugins-1.1.1-py_0.tar.bz2#4fd2c6b53934bd7d96d1f3fdaf99b79f
https://conda.anaconda.org/conda-forge/noarch/cached-property-1.5.2-hd8ed1ab_1.tar.bz2#9b347a7ec10940d3f7941ff6c460b551
https://conda.anaconda.org/conda-forge/linux-64/gdal-3.6.3-py39hc6cd174_1.conda#842f618c3b20d1232f9106ca9bbcb456
https://conda.anaconda.org/conda-forge/linux-64/aws-sdk-cpp-1.10.57-hf40e4db_10.conda#4d6f98c3b182f6ef121116055ed211d0
https://conda.anaconda.org/conda-forge/noarch/importlib-resources-5.12.0-pyhd8ed1ab_0.conda#3544c818f0720c89eb16ae6940ab440b
https://conda.anaconda.org/conda-forge/noarch/platformdirs-3.5.1-pyhd8ed1ab_0.conda#e2be672aece1f060adf7154f76531a35
https://conda.anaconda.org/conda-forge/noarch/pystac-1.7.1-pyhd8ed1ab_0.conda#349697c9abdd5da0a8c969ef09b1f125
https://conda.anaconda.org/conda-forge/linux-64/pandas-2.0.1-py39h40cae4c_1.conda#85bc4d45cd98f84af0c00435fff23f67
https://conda.anaconda.org/conda-forge/linux-64/cryptography-40.0.2-py39h079d5ae_0.conda#ad5cb1777ae6847c4d60199fa90a674c
https://conda.anaconda.org/conda-forge/linux-64/brotlipy-0.7.0-py39hb9d737c_1005.tar.bz2#a639fdd9428d8b25f8326a3838d54045
https://conda.anaconda.org/conda-forge/linux-64/pyqt5-sip-12.11.0-py39h227be39_3.conda#9e381db00691e26bcf670c3586397be1
https://conda.anaconda.org/conda-forge/noarch/branca-0.6.0-pyhd8ed1ab_0.tar.bz2#f4cc65697763ef8c2f7555f1ec355a6b
https://conda.anaconda.org/conda-forge/noarch/bokeh-2.4.3-pyhd8ed1ab_3.tar.bz2#e4c6e6d99add99cede5328d811cacb21
https://conda.anaconda.org/conda-forge/noarch/dask-core-2023.3.1-pyhd8ed1ab_0.conda#0a3abdbff6e296d056ce01ee3529638d
https://conda.anaconda.org/conda-forge/linux-64/gst-plugins-base-1.22.0-h4243ec0_2.conda#0d0c6604c8ac4ad5e51efa7bb58da05c
https://conda.anaconda.org/conda-forge/linux-64/rasterio-1.3.6-py39h09b1985_0.conda#42cf6587abdb0ec35341e0e0b9998270
https://conda.anaconda.org/conda-forge/linux-64/h5py-3.8.0-mpi_mpich_py39hadaddcd_0.conda#e3768d8e433f716feb2c9320f60bb89d
https://conda.anaconda.org/conda-forge/linux-64/fiona-1.9.3-py39h0801953_0.conda#6f88aa287459509624c91dd35cd49de2
https://conda.anaconda.org/conda-forge/linux-64/libarrow-11.0.0-h8dc56a0_16_cpu.conda#1186cabdb9a4afdfc935d424a26b8a88
https://conda.anaconda.org/conda-forge/linux-64/matplotlib-base-3.7.1-py39he190548_0.conda#f2a931db797bb58bd335f4a857b4c898
https://conda.anaconda.org/conda-forge/noarch/xarray-2023.4.2-pyhd8ed1ab_0.conda#1412ff164b976fc6d8f8d7afc3b09240
https://conda.anaconda.org/conda-forge/noarch/geopandas-base-0.12.2-pyha770c72_0.conda#cf04d066b97dfe698f0d01ebf4af6163
https://conda.anaconda.org/conda-forge/noarch/pyopenssl-23.1.1-pyhd8ed1ab_0.conda#0b34aa3ab7e7ccb1765a03dd9ed29938
https://conda.anaconda.org/conda-forge/linux-64/qt-main-5.15.8-h67dfc38_7.conda#f140acdc15a0196eef664f120c396266
https://conda.anaconda.org/conda-forge/linux-64/arrow-cpp-11.0.0-ha770c72_16_cpu.conda#b335b2c98960c5d429ab9afa6099a44c
https://conda.anaconda.org/conda-forge/noarch/descartes-1.1.0-py_4.tar.bz2#32fa3526c15250ccf353f1ce905f50b3
https://conda.anaconda.org/conda-forge/noarch/urllib3-1.26.15-pyhd8ed1ab_0.conda#27db656619a55d727eaf5a6ece3d2fd6
https://conda.anaconda.org/conda-forge/linux-64/pyqt-5.15.7-py39h5c7b992_3.conda#19e30314fe824605750da905febb8ee6
https://conda.anaconda.org/conda-forge/noarch/parquet-cpp-1.5.1-2.tar.bz2#79a5f78c42817594ae016a7896521a97
https://conda.anaconda.org/conda-forge/noarch/requests-2.28.2-pyhd8ed1ab_1.conda#3bfbd6ead1d7299ed46dab3a7bf0bc8c
https://conda.anaconda.org/conda-forge/noarch/minio-7.1.14-pyhd8ed1ab_0.conda#2059717a7f2f0de3cee02a0c7697e256
https://conda.anaconda.org/conda-forge/noarch/distributed-2023.3.1-pyhd8ed1ab_0.conda#f115c48a59b7650876187e32ebaa5e03
https://conda.anaconda.org/conda-forge/linux-64/matplotlib-3.7.1-py39hf3d152e_0.conda#682772fa385911fb5efffbce21b269c5
https://conda.anaconda.org/conda-forge/linux-64/pyarrow-11.0.0-py39he4327e9_16_cpu.conda#631ad2aa534e82242bce0c216b1c0266
https://conda.anaconda.org/conda-forge/noarch/sentinelsat-1.2.1-pyhd8ed1ab_0.conda#de8d12e979ebf78bfcd42832792720f7
https://conda.anaconda.org/conda-forge/noarch/pooch-1.7.0-pyha770c72_3.conda#5936894aade8240c867d292aa0d980c6
https://conda.anaconda.org/conda-forge/noarch/folium-0.14.0-pyhd8ed1ab_0.conda#48c8bb19df0d0268f1a9d30ffc56c5b0
https://conda.anaconda.org/conda-forge/noarch/dask-2023.3.1-pyhd8ed1ab_0.conda#df7b408dafa227e7f933addd71d8a5ed
https://conda.anaconda.org/conda-forge/linux-64/scipy-1.10.1-py39h6183b62_3.conda#84c4007675da392fdb99faeefda69552
https://conda.anaconda.org/conda-forge/linux-64/scikit-learn-1.2.2-py39hd189fd4_1.conda#4ad12d81a9672faa131d64abe2f1060f
https://conda.anaconda.org/conda-forge/noarch/rioxarray-0.14.0-pyhd8ed1ab_1.conda#30bc734155873f3fc557cc9ab4df4cbe
https://conda.anaconda.org/conda-forge/noarch/mapclassify-2.5.0-pyhd8ed1ab_1.conda#db1aeaff6e248db425e049feffded7a9
https://conda.anaconda.org/conda-forge/noarch/geopandas-0.12.2-pyhd8ed1ab_0.conda#ee3b330f13297f5839d46e1ca3e57d56
