# This file may be used to create an environment using:
# $ conda create --name <env> --file <this file>
# platform: linux-64
@EXPLICIT
https://repo.anaconda.com/pkgs/main/noarch/tzdata-2022g-h04d1e81_0.conda#833facc4bfeebcb61babe76257e8c9e8
https://repo.anaconda.com/pkgs/main/linux-64/_libgcc_mutex-0.1-main.conda#c3473ff8bdb3d124ed5ff11ec380d6f9
https://conda.anaconda.org/anaconda/linux-64/blas-1.0-mkl.tar.bz2#751c2c5b239a728db05f91374aaac3a1
https://conda.anaconda.org/anaconda/linux-64/ca-certificates-2023.01.10-h06a4308_0.tar.bz2#5cc97953b9c0731a4e4624761f93b255
https://conda.anaconda.org/anaconda/linux-64/intel-openmp-2021.4.0-h06a4308_3561.tar.bz2#4aa8bcf74c81cd3600978f791191692a
https://repo.anaconda.com/pkgs/main/linux-64/ld_impl_linux-64-2.38-h1181459_1.conda#68eedfd9c06f2b0e6888d8db345b7f5b
https://repo.anaconda.com/pkgs/main/linux-64/libstdcxx-ng-11.2.0-h1234567_1.conda#57623d10a70e09e1d048c2b2b6f4e2dd
https://repo.anaconda.com/pkgs/main/linux-64/libgomp-11.2.0-h1234567_1.conda#b372c0eea9b60732fdae4b817a63c8cd
https://conda.anaconda.org/anaconda/linux-64/mkl-2021.4.0-h06a4308_640.tar.bz2#bd20f4410b81f327e35ffa0657961146
https://repo.anaconda.com/pkgs/main/linux-64/_openmp_mutex-5.1-1_gnu.conda#71d281e9c2192cb3fa425655a8defb85
https://repo.anaconda.com/pkgs/main/linux-64/libgcc-ng-11.2.0-h1234567_1.conda#a87728dabf3151fb9cfa990bd2eb0464
https://repo.anaconda.com/pkgs/main/linux-64/bzip2-1.0.8-h7b6447c_0.conda#9303f4af7c004e069bae22bde8d800ee
https://conda.anaconda.org/anaconda/linux-64/expat-2.4.9-h6a678d5_0.tar.bz2#d254ca6cf5c657cecd6912b0671379cd
https://conda.anaconda.org/anaconda/linux-64/icu-58.2-he6710b0_3.tar.bz2#9213e0336e3a5216c989cfe52648412e
https://conda.anaconda.org/anaconda/linux-64/jpeg-9e-h7f8727e_0.tar.bz2#6e1c0fb5260c590f7ef5235cb3d05863
https://conda.anaconda.org/anaconda/linux-64/libdeflate-1.8-h7f8727e_5.tar.bz2#88cd43eece362464d4842f1b2f92a1de
https://repo.anaconda.com/pkgs/main/linux-64/libffi-3.4.2-h6a678d5_6.conda#6d65e299b535d3b3613b6d4bce901834
https://conda.anaconda.org/anaconda/linux-64/libsodium-1.0.18-h7b6447c_0.tar.bz2#6f662c6b244a444869f0c537da106d6d
https://repo.anaconda.com/pkgs/main/linux-64/libuuid-1.41.5-h5eee18b_0.conda#4a6a2354414c9080327274aa514e5299
https://conda.anaconda.org/anaconda/linux-64/libwebp-base-1.2.4-h5eee18b_0.tar.bz2#fb63542c653b3be4c16e759e07017914
https://conda.anaconda.org/anaconda/linux-64/lz4-c-1.9.4-h6a678d5_0.tar.bz2#f24adbfdfe16b0bac0d14640bb5ce616
https://repo.anaconda.com/pkgs/main/linux-64/ncurses-6.3-h5eee18b_3.conda#0c616f387885c1bbb57ec0bd1e779ced
https://conda.anaconda.org/anaconda/linux-64/openssl-1.1.1s-h7f8727e_0.tar.bz2#2c7c8f2e5325a18c8c9ea7c9d7663792
https://conda.anaconda.org/anaconda/linux-64/pcre-8.45-h295c915_0.tar.bz2#4bac8a874e62f41ebab8345ca6076eb6
https://repo.anaconda.com/pkgs/main/linux-64/xz-5.2.8-h5eee18b_0.conda#224260858072f0071140ae18c513620d
https://conda.anaconda.org/anaconda/linux-64/yaml-0.2.5-h7b6447c_0.tar.bz2#fcff4f33bb4e3fa91f8d5c3168807abb
https://repo.anaconda.com/pkgs/main/linux-64/zlib-1.2.13-h5eee18b_0.conda#333e31fbfbb5057c92fa845ad6adef93
https://conda.anaconda.org/anaconda/linux-64/glib-2.69.1-he621ea3_2.tar.bz2#0223c02d020cf3ff6637210d99000b5a
https://conda.anaconda.org/anaconda/linux-64/libedit-3.1.20221030-h5eee18b_0.tar.bz2#af7584851084abae8eaa8cee2ed288b4
https://conda.anaconda.org/anaconda/linux-64/libpng-1.6.37-hbc83047_0.tar.bz2#9cb85601944ca7383b1769bff74b94e8
https://conda.anaconda.org/anaconda/linux-64/libxml2-2.9.14-h74e7548_0.tar.bz2#686e77514ec9f1ef0a6feed374f14d37
https://repo.anaconda.com/pkgs/main/linux-64/readline-8.2-h5eee18b_0.conda#be42180685cce6e6b0329201d9f48efb
https://repo.anaconda.com/pkgs/main/linux-64/tk-8.6.12-h1ccaba5_0.conda#fa10ff4aa631fa4aa090a6234d7770b9
https://conda.anaconda.org/anaconda/linux-64/zeromq-4.3.4-h2531618_0.tar.bz2#567b68192c387b5fc88178425577a0fe
https://conda.anaconda.org/anaconda/linux-64/zstd-1.4.9-haebb681_0.tar.bz2#77148a73936c37451810f0b1453569e9
https://conda.anaconda.org/anaconda/linux-64/dbus-1.13.18-hb2f20db_0.tar.bz2#498d0788982ec4c5d13a44359b9c7afb
https://conda.anaconda.org/anaconda/linux-64/freetype-2.10.4-h5ab3b9f_0.tar.bz2#d0851d60dd8db00f4f222e849ecffb4d
https://conda.anaconda.org/anaconda/linux-64/krb5-1.19.4-h568e23c_0.tar.bz2#f72dd6c996afe8e088d587932aaaadd5
https://conda.anaconda.org/esri/linux-64/libtiff-4.3.0-h04863e7_1.tar.bz2#61d05c07cab79e54b8df07b80e163f98
https://conda.anaconda.org/anaconda/linux-64/libxslt-1.1.35-h4e12654_0.tar.bz2#66e2aa12181bb2911485bdbe125d24c5
https://repo.anaconda.com/pkgs/main/linux-64/sqlite-3.40.1-h5082296_0.conda#7d44bb7460f1b1b0764d63240d7f7f81
https://conda.anaconda.org/anaconda/linux-64/python-3.8.15-h7a1cb2a_2.tar.bz2#4b2d86f63c31cef731b0c9abc95117b7
https://conda.anaconda.org/anaconda/linux-64/attrs-22.1.0-py38h06a4308_0.tar.bz2#6c5f44b2c79fc5e887f478e18c82a543
https://conda.anaconda.org/anaconda/noarch/backcall-0.2.0-pyhd3eb1b0_0.tar.bz2#b2aa5503875aba2f1d88cae9df9a96d5
https://conda.anaconda.org/anaconda/linux-64/blinker-1.4-py38h06a4308_0.tar.bz2#fa7270668da9addbd5c22b6073f5cfc0
https://conda.anaconda.org/anaconda/noarch/cachetools-4.2.2-pyhd3eb1b0_0.tar.bz2#ecf637b000b212d5f07f5f1be454549b
https://conda.anaconda.org/anaconda/linux-64/certifi-2022.12.7-py38h06a4308_0.tar.bz2#efa16e00c105c5968a4ab45ab11a6540
https://repo.anaconda.com/pkgs/main/noarch/charset-normalizer-2.0.4-pyhd3eb1b0_0.conda#e7a441d94234b2b5fafee06e25dbf076
https://conda.anaconda.org/anaconda/linux-64/click-8.0.4-py38h06a4308_0.tar.bz2#c7eb37a81b7b5bb04bd2437417f7ee0b
https://conda.anaconda.org/anaconda/noarch/cloudpickle-2.0.0-pyhd3eb1b0_0.tar.bz2#69d72fa7be0082be6ae49341ac3f7f6f
https://conda.anaconda.org/anaconda/noarch/cycler-0.11.0-pyhd3eb1b0_0.tar.bz2#dfb0ca8055c9a72aaca7b845a6edea17
https://conda.anaconda.org/anaconda/linux-64/debugpy-1.5.1-py38h295c915_0.tar.bz2#637c8337c96bc1125bebf2809ecd0ff7
https://conda.anaconda.org/anaconda/noarch/decorator-5.1.1-pyhd3eb1b0_0.tar.bz2#6072a09eeab81c07c98065234e46af1e
https://conda.anaconda.org/anaconda/noarch/defusedxml-0.7.1-pyhd3eb1b0_0.tar.bz2#b9280feeee8d845ba495a701bae72de9
https://conda.anaconda.org/anaconda/linux-64/entrypoints-0.4-py38h06a4308_0.tar.bz2#20c8874b5ae24bf4bea2303aeb5f7f03
https://conda.anaconda.org/anaconda/noarch/executing-0.8.3-pyhd3eb1b0_0.tar.bz2#1bdd5a02233d229e76081a73659e9405
https://conda.anaconda.org/anaconda/noarch/flit-core-3.6.0-pyhd3eb1b0_0.tar.bz2#f4ea57791c1a1e4b2316468a415f8f38
https://conda.anaconda.org/anaconda/linux-64/fsspec-2022.11.0-py38h06a4308_0.tar.bz2#4c1452671305002293a32df972525c38
https://conda.anaconda.org/anaconda/noarch/heapdict-1.0.1-pyhd3eb1b0_0.tar.bz2#bb52e50c5ab1a5c7778c11376404dfdb
https://conda.anaconda.org/anaconda/linux-64/idna-3.4-py38h06a4308_0.tar.bz2#22a39ae9bbf0f9dab8b7c7dafed3d454
https://conda.anaconda.org/anaconda/noarch/ipython_genutils-0.2.0-pyhd3eb1b0_1.tar.bz2#2b7ea8318bc62d9e504ea43409ecd7c1
https://conda.anaconda.org/anaconda/noarch/jeepney-0.7.1-pyhd3eb1b0_0.tar.bz2#2e0b6c8c936a841df7bba3ddbb8b3a11
https://conda.anaconda.org/esri/noarch/jupyterlab_widgets-3.0.3-py_1.tar.bz2#ce08c841f3901f47a1645055d583862e
https://conda.anaconda.org/anaconda/linux-64/kiwisolver-1.4.4-py38h6a678d5_0.tar.bz2#8a0f9997ddc49e6a31cf204b04149b3d
https://conda.anaconda.org/anaconda/linux-64/locket-1.0.0-py38h06a4308_0.tar.bz2#dc8d6a9a1e475c5fc9de8531026a4c38
https://conda.anaconda.org/anaconda/linux-64/lxml-4.9.1-py38h1edc446_0.tar.bz2#3d598f01a90fdb99c7ba4f076648ad00
https://conda.anaconda.org/anaconda/linux-64/lz4-3.1.3-py38h27cfd23_0.tar.bz2#3cdac38c7ab5b4ce5062c1234346cdd9
https://conda.anaconda.org/anaconda/linux-64/markupsafe-2.1.1-py38h7f8727e_0.tar.bz2#6d1ffdd9a320aa111ac71254339eda7b
https://conda.anaconda.org/anaconda/linux-64/mistune-2.0.4-py38h06a4308_0.tar.bz2#0219b4aefc356586a8045ae2a77ae3fd
https://conda.anaconda.org/anaconda/linux-64/msgpack-python-1.0.3-py38hd09550d_0.tar.bz2#17c600586128f5f226b9a5cda765f302
https://conda.anaconda.org/esri/noarch/nest-asyncio-1.3.2-py_0.tar.bz2#4525fc63f43b938f5dcf2bc2e7b6d980
https://conda.anaconda.org/anaconda/noarch/olefile-0.46-pyhd3eb1b0_0.tar.bz2#7aeb5173b2cf3e8fad7dd10aefaf9f49
https://conda.anaconda.org/anaconda/linux-64/packaging-22.0-py38h06a4308_0.tar.bz2#9b1bcda3c8207f773a80824daf68c3a5
https://conda.anaconda.org/anaconda/noarch/pandocfilters-1.5.0-pyhd3eb1b0_0.tar.bz2#0cb9961d77df143d6d65580d713aade1
https://conda.anaconda.org/anaconda/noarch/parso-0.7.0-py_0.tar.bz2#5e080bc2797c8eaf0758b0a053dc568a
https://conda.anaconda.org/anaconda/noarch/pickleshare-0.7.5-pyhd3eb1b0_1003.tar.bz2#e68a6f315f41a8d814d833652bf38b9b
https://conda.anaconda.org/anaconda/linux-64/pkgutil-resolve-name-1.3.10-py38h06a4308_0.tar.bz2#eef230cabc54459c3b9c52938028e376
https://conda.anaconda.org/anaconda/linux-64/pluggy-1.0.0-py38h06a4308_1.tar.bz2#582343620086a5e22bf2d887d2daf4fc
https://conda.anaconda.org/esri/noarch/prometheus_client-0.8.0-py_0.tar.bz2#44e582edcdd3b93df7128d215a9c5d63
https://conda.anaconda.org/anaconda/linux-64/psutil-5.9.0-py38h5eee18b_0.tar.bz2#38b4a8eb4ece574a3db5b1dafeb10bd7
https://conda.anaconda.org/anaconda/noarch/ptyprocess-0.7.0-pyhd3eb1b0_2.tar.bz2#62f3bb16b31fa9498a41fc4ad2b4f43c
https://conda.anaconda.org/anaconda/noarch/pure_eval-0.2.2-pyhd3eb1b0_0.tar.bz2#8be7529b5e573e3cbc6df277b9950109
https://conda.anaconda.org/anaconda/linux-64/pycosat-0.6.4-py38h5eee18b_0.tar.bz2#c76d63966b1cd65ceb03b048bcb967dd
https://repo.anaconda.com/pkgs/main/noarch/pycparser-2.21-pyhd3eb1b0_0.conda#135a72ff2a31150a3a3ff0b1edd41ca9
https://conda.anaconda.org/esri/noarch/pyjwt-2.4.0-py_1.tar.bz2#53b905ab8195b972bd8feebfca2bf29e
https://conda.anaconda.org/anaconda/linux-64/pykerberos-1.2.1-py38h7f8727e_3.tar.bz2#33ecc48d80591a3bfaa1ea43f584848a
https://conda.anaconda.org/anaconda/linux-64/pyparsing-3.0.9-py38h06a4308_0.tar.bz2#b47e7fcdef58cc3b2b8d920c73819e19
https://conda.anaconda.org/anaconda/linux-64/pyrsistent-0.18.0-py38heee7806_0.tar.bz2#7528db4bd42c5b961b3bf7fd41b028a1
https://conda.anaconda.org/anaconda/noarch/pyshp-2.1.3-pyhd3eb1b0_0.tar.bz2#1c6c5cc5d5265e03f16976a2d07da773
https://conda.anaconda.org/anaconda/linux-64/pysocks-1.7.1-py38h06a4308_0.tar.bz2#3ec9d5960a2ea2ba666008fdfc9d0084
https://conda.anaconda.org/anaconda/linux-64/python-fastjsonschema-2.16.2-py38h06a4308_0.tar.bz2#d914447598a4c8d1e61fd888dded2072
https://conda.anaconda.org/anaconda/linux-64/pytz-2022.7-py38h06a4308_0.tar.bz2#8aa6e6ccafcdf9a753b7c8dcc700038a
https://conda.anaconda.org/anaconda/linux-64/pyyaml-6.0-py38h5eee18b_1.tar.bz2#f1e789ac6cd85344fbd8a099554b693e
https://conda.anaconda.org/anaconda/linux-64/ruamel.yaml.clib-0.2.6-py38h5eee18b_1.tar.bz2#e6d47db8169f3d64a67d77783440e15a
https://conda.anaconda.org/anaconda/noarch/send2trash-1.8.0-pyhd3eb1b0_1.tar.bz2#41db68b96e114e367c4f120a3b379e59
https://repo.anaconda.com/pkgs/main/noarch/six-1.16.0-pyhd3eb1b0_1.conda#34586824d411d36af2fa40e799c172d0
https://conda.anaconda.org/anaconda/noarch/sortedcontainers-2.4.0-pyhd3eb1b0_0.tar.bz2#4cad993b0f80bc23fb66a97592299cbb
https://conda.anaconda.org/anaconda/linux-64/soupsieve-2.3.2.post1-py38h06a4308_0.tar.bz2#58dac96b2367efe1e1bf36cda5949769
https://conda.anaconda.org/anaconda/noarch/tblib-1.7.0-pyhd3eb1b0_0.tar.bz2#9ccb2fb33edb152403d6ef32bf758a9d
https://conda.anaconda.org/anaconda/linux-64/toolz-0.12.0-py38h06a4308_0.tar.bz2#aec171353448852f51e81c68ef45dfaa
https://conda.anaconda.org/anaconda/linux-64/tornado-6.1-py38h27cfd23_0.tar.bz2#5a07056c0968e39f39510f8b9526714c
https://conda.anaconda.org/anaconda/linux-64/tqdm-4.64.1-py38h06a4308_0.tar.bz2#33f950641fe205338953b2df255180cb
https://conda.anaconda.org/esri/noarch/traitlets-5.5.0-py_0.tar.bz2#108f90d14b30156e23a2b036ac583d5a
https://conda.anaconda.org/anaconda/linux-64/ujson-5.4.0-py38h6a678d5_0.tar.bz2#74f37a5286dcd2470abdfe4ac1b62af0
https://conda.anaconda.org/anaconda/noarch/wcwidth-0.2.5-pyhd3eb1b0_0.tar.bz2#98982290b7b7eff532ec6dead415172b
https://conda.anaconda.org/anaconda/linux-64/webencodings-0.5.1-py38_1.tar.bz2#46be58263b91ea0ce41774c6cef974b7
https://repo.anaconda.com/pkgs/main/noarch/wheel-0.37.1-pyhd3eb1b0_0.conda#ab85e96e26da8d5797c2458232338b86
https://conda.anaconda.org/esri/noarch/widgetsnbextension-3.6.1-py_0.tar.bz2#be296057b7429e4a1242116d60744981
https://conda.anaconda.org/anaconda/linux-64/zipp-3.11.0-py38h06a4308_0.tar.bz2#ea786d4d331b83592b3004c0d5015131
https://conda.anaconda.org/anaconda/noarch/asttokens-2.0.5-pyhd3eb1b0_0.tar.bz2#d9c6faf4f1a52c664ef1343f464e45b5
https://conda.anaconda.org/anaconda/linux-64/beautifulsoup4-4.11.1-py38h06a4308_0.tar.bz2#31e574b2407c4f094a89dce514f74e7e
https://conda.anaconda.org/anaconda/noarch/bleach-4.1.0-pyhd3eb1b0_0.tar.bz2#d78a456773bd4df323a2dfb4d8710b90
https://conda.anaconda.org/anaconda/linux-64/cffi-1.15.1-py38h5eee18b_3.tar.bz2#26fa9f73bce5ccd0a2f8913a3c159677
https://conda.anaconda.org/anaconda/linux-64/conda-package-handling-1.9.0-py38h5eee18b_1.tar.bz2#23ec6eb6afd7d1497ec2e120648b8cd1
https://conda.anaconda.org/anaconda/linux-64/cytoolz-0.12.0-py38h5eee18b_0.tar.bz2#fcafb7c3b067c209c3569f254df6cd45
https://conda.anaconda.org/esri/noarch/geomet-1.0.0-py_0.tar.bz2#e528f727854b5168730b094e818233bc
https://conda.anaconda.org/anaconda/linux-64/importlib-metadata-4.11.3-py38h06a4308_0.tar.bz2#73453a6753732cf5d25d8fe1b16ffe14
https://conda.anaconda.org/anaconda/noarch/importlib_resources-5.2.0-pyhd3eb1b0_1.tar.bz2#9ee599c577f43ad0eb6426f83d061d35
https://conda.anaconda.org/esri/linux-64/jedi-0.17.2-py38_0.tar.bz2#576953b577742b17fe2e33108a6904a7
https://conda.anaconda.org/anaconda/linux-64/jinja2-3.1.2-py38h06a4308_0.tar.bz2#076bfd81cccc64215235fa877946a20f
https://conda.anaconda.org/anaconda/linux-64/mkl-service-2.4.0-py38h7f8727e_0.tar.bz2#350e1ec6d837a61b44bf3c26dc8d094b
https://conda.anaconda.org/anaconda/noarch/partd-1.2.0-pyhd3eb1b0_1.tar.bz2#0c9eced1d0bd1384784820cc9388383a
https://conda.anaconda.org/anaconda/noarch/pexpect-4.8.0-pyhd3eb1b0_3.tar.bz2#5122a68ef2c53409eda11f07f1c3d7c7
https://conda.anaconda.org/esri/linux-64/pillow-8.3.2-py38_0.tar.bz2#d9d778d6fe01ec2129223abb87214a25
https://conda.anaconda.org/anaconda/noarch/python-dateutil-2.8.2-pyhd3eb1b0_0.tar.bz2#2eb923cc014094f4acf7f849d67d73f8
https://conda.anaconda.org/esri/linux-64/python-gssapi-1.8.1-py38_1.tar.bz2#c6c4176b18ee45b185359f83c983fd5e
https://conda.anaconda.org/anaconda/linux-64/ruamel.yaml-0.17.21-py38h5eee18b_0.tar.bz2#85cb6f4655fa773156a5057695b2354d
https://conda.anaconda.org/anaconda/linux-64/setuptools-65.6.3-py38h06a4308_0.tar.bz2#d31dd71ac10bd267094b45cbf4927ef3
https://conda.anaconda.org/anaconda/linux-64/terminado-0.17.1-py38h06a4308_0.tar.bz2#462c5ca383e788c3f7d20270e378991b
https://conda.anaconda.org/esri/noarch/tinycss2-1.1.1-py_0.tar.bz2#e7ac2bb865428f2ecbf61846e22102af
https://conda.anaconda.org/anaconda/linux-64/typing_extensions-4.4.0-py38h06a4308_0.tar.bz2#ff34a2d955becbddc53a6816d13d1ec6
https://conda.anaconda.org/anaconda/linux-64/zict-2.1.0-py38h06a4308_0.tar.bz2#3922c59916e4c2627f231875f5592a40
https://conda.anaconda.org/anaconda/linux-64/argon2-cffi-bindings-21.2.0-py38h7f8727e_0.tar.bz2#e785c0744d3ed83d813a42b7bb9b8794
https://conda.anaconda.org/anaconda/linux-64/cryptography-38.0.4-py38h9ce1e76_0.tar.bz2#09dc7264f82684d6e01df559b3105232
https://conda.anaconda.org/anaconda/linux-64/dask-core-2022.7.0-py38h06a4308_0.tar.bz2#e6c2292569543bf3e756c5d2c7900ccb
https://conda.anaconda.org/anaconda/noarch/importlib_metadata-4.11.3-hd3eb1b0_0.tar.bz2#827983ac8b3f0c85c474326141c4e8ab
https://conda.anaconda.org/anaconda/linux-64/jsonschema-4.16.0-py38h06a4308_0.tar.bz2#9bdba7a355e3589ab0e8241e272f7ace
https://conda.anaconda.org/anaconda/linux-64/numpy-base-1.23.5-py38h31eccc5_0.tar.bz2#863f31c1afa23990490151aecb9acc02
https://conda.anaconda.org/anaconda/linux-64/pip-22.3.1-py38h06a4308_0.tar.bz2#e2330aabf72c6dd993ebce67a5a07f5f
https://conda.anaconda.org/esri/noarch/pygments-2.9.0-py_0.tar.bz2#22e3b386f4b6acf80306dd6d9dc0735d
https://conda.anaconda.org/esri/noarch/stack_data-0.5.1-py_0.tar.bz2#3918477c7b56bb6a2d3b837ebb8adf5b
https://conda.anaconda.org/anaconda/linux-64/typing-extensions-4.4.0-py38h06a4308_0.tar.bz2#6778f7e784a8cfeeddfdd303b65cf253
https://conda.anaconda.org/anaconda/noarch/argon2-cffi-21.3.0-pyhd3eb1b0_0.tar.bz2#32685aa840f6868407a3150184ebbf90
https://conda.anaconda.org/anaconda/linux-64/conda-content-trust-0.1.3-py38h06a4308_0.tar.bz2#c5a15f148e9fd21ea0e6387e1e37f560
https://conda.anaconda.org/esri/linux-64/jupyter_core-4.11.2-py38_0.tar.bz2#1fdf10db55f8930fba9089fd0d28cce3
https://conda.anaconda.org/esri/noarch/jupyterlab_pygments-0.2.2-py_0.tar.bz2#d1c92eae1524922f6012daa58e3ac1cf
https://conda.anaconda.org/anaconda/linux-64/oauthlib-3.2.1-py38h06a4308_0.tar.bz2#d8097f4c45503e55ee37d5db59fa5b52
https://conda.anaconda.org/esri/noarch/prompt_toolkit-3.0.5-py_0.tar.bz2#8adb3c38a625af960bd2f96657dc3751
https://repo.anaconda.com/pkgs/main/noarch/pyopenssl-22.0.0-pyhd3eb1b0_0.conda#1dbbf9422269cd62c7094960d9b43f36
https://conda.anaconda.org/esri/linux-64/pyzmq-24.0.1-py38_1.tar.bz2#d283e98ea40934498edd16980b26aa0a
https://conda.anaconda.org/anaconda/linux-64/secretstorage-3.3.1-py38h06a4308_0.tar.bz2#2fba2bb014237433eb433573f0205883
https://conda.anaconda.org/esri/noarch/ipython-7.34.0-pyh0005158_1.tar.bz2#21155bc7da6726c006ec7ca36651f796
https://conda.anaconda.org/esri/noarch/jupyter_client-6.1.12-py_0.tar.bz2#258aa26b8b35ffe578675364b8308e43
https://conda.anaconda.org/anaconda/linux-64/keyring-23.4.0-py38h06a4308_0.tar.bz2#d5f35620c89d8005f6bee99c631a444b
https://conda.anaconda.org/esri/noarch/nbformat-5.6.1-py_0.tar.bz2#b092d23a3fb57860d9c76973c388d2af
https://conda.anaconda.org/anaconda/linux-64/urllib3-1.25.8-py38_0.tar.bz2#b6e7447bbb59eb815df9cc8534653a00
https://conda.anaconda.org/anaconda/linux-64/distributed-2022.7.0-py38h06a4308_0.tar.bz2#108104ac13752655fd30a05663cc20bb
https://conda.anaconda.org/esri/noarch/ipykernel-6.16.0-py_1.tar.bz2#4446c613c1164e41c8faa1723a494c6d
https://conda.anaconda.org/esri/noarch/nbclient-0.7.0-py_3.tar.bz2#adcbf2863c13548675a7b25f67d471e1
https://conda.anaconda.org/anaconda/linux-64/requests-2.28.1-py38h06a4308_0.tar.bz2#9c244e30407cdd8a09cee15ebca4b460
https://conda.anaconda.org/anaconda/linux-64/conda-23.1.0-py38h06a4308_0.tar.bz2#ecffda15e638f229db99204c0fcb680b
https://conda.anaconda.org/esri/noarch/ipywidgets-7.7.2-py_0.tar.bz2#f928350d45e841494ac60040157931b4
https://conda.anaconda.org/esri/noarch/nbconvert-7.2.1-py_2.tar.bz2#b80d5f356d846e997acc4064f524a5db
https://conda.anaconda.org/esri/noarch/requests-gssapi-1.2.3-py_2.tar.bz2#f5b8cff7fcdab0b940865d72bfeb07bb
https://conda.anaconda.org/esri/linux-64/requests-kerberos-0.12.0-py38_0.tar.bz2#c5704d9e0d04e88c169f77b807909a3c
https://conda.anaconda.org/anaconda/noarch/requests-oauthlib-1.3.0-py_0.tar.bz2#a51420b97b169cc2aa1404a77ca8ae0d
https://conda.anaconda.org/anaconda/noarch/requests-toolbelt-0.9.1-pyhd3eb1b0_0.tar.bz2#0f4ac1dfc7699331821b3a6545d5fa13
https://conda.anaconda.org/esri/linux-64/notebook-6.1.4-py38_1.tar.bz2#43102f0c09f5acd427e0d1dfc1678ca6
https://conda.anaconda.org/anaconda/linux-64/bottleneck-1.3.5-py38h7deecbd_0.tar.bz2#fc4cee4736e88f88ed571fcbc415a883
https://conda.anaconda.org/anaconda/linux-64/mkl_fft-1.3.1-py38hd3c417c_0.tar.bz2#856d2f4ee31539c64641c15d4d887e48
https://conda.anaconda.org/anaconda/linux-64/mkl_random-1.2.2-py38h51133e4_0.tar.bz2#aef6e4c094fb094576b1c74919284787
https://conda.anaconda.org/anaconda/linux-64/numpy-1.23.5-py38h14f4228_0.tar.bz2#64cbd27f53b4e11f4a5c369bbbe047ae
https://conda.anaconda.org/esri/noarch/lerc-4.0-pyh39e3cac_0.tar.bz2#09859555937af70f87692d7d5518d4f6
https://conda.anaconda.org/esri/linux-64/matplotlib-base-3.4.3-py38_0.tar.bz2#2d03a9f67ed241724a7fe1baaa0b1b79
https://conda.anaconda.org/anaconda/linux-64/numexpr-2.8.4-py38he184ba9_0.tar.bz2#6c7c4480b9a5dae9590d82da493c62af
https://conda.anaconda.org/esri/linux-64/matplotlib-3.4.3-py38_0.tar.bz2#351229143e0714af7919f8a82380ca15
https://conda.anaconda.org/anaconda/linux-64/pandas-1.5.2-py38h417a72b_0.tar.bz2#78b2365d492243d91d81820024ee71c4
https://conda.anaconda.org/esri/noarch/dask-2022.7.0-py_0.tar.bz2#9693ca6178454bbe4cf6aae51222dc92
https://conda.anaconda.org/esri/linux-64/arcgis-2.1.0.2-py38_14.tar.bz2#4dee4002341e0be39a6d254162e22d40
